// !$*UTF8*$!
{
	archiveVersion = 1;
	classes = {
	};
	objectVersion = 46;
	objects = {

/* Begin PBXBuildFile section */
		E124C8E613059F340097A72F /* PPSpotifyTweetParser.m in Sources */ = {isa = PBXBuildFile; fileRef = E124C8E513059F330097A72F /* PPSpotifyTweetParser.m */; };
		E124C8E713059F340097A72F /* PPSpotifyTweetParser.m in Sources */ = {isa = PBXBuildFile; fileRef = E124C8E513059F330097A72F /* PPSpotifyTweetParser.m */; };
		E124C8EB13059F690097A72F /* PPSpotifyTweetParserTests.m in Sources */ = {isa = PBXBuildFile; fileRef = E124C8EA13059F690097A72F /* PPSpotifyTweetParserTests.m */; };
		E124C8EF1305CA160097A72F /* PPPlayingViewController.m in Sources */ = {isa = PBXBuildFile; fileRef = E124C8ED1305CA160097A72F /* PPPlayingViewController.m */; };
		E124C8F31305CB510097A72F /* PPTrackView.xib in Resources */ = {isa = PBXBuildFile; fileRef = E124C8F21305CB510097A72F /* PPTrackView.xib */; };
		E16337BA1307D8DA0051471A /* WebKit.framework in Frameworks */ = {isa = PBXBuildFile; fileRef = E16337B91307D8DA0051471A /* WebKit.framework */; };
		E18DEA851307E08500CA4226 /* index.html in Resources */ = {isa = PBXBuildFile; fileRef = E18DEA841307E08500CA4226 /* index.html */; };
		E18DEABB1307E59200CA4226 /* DDData.m in Sources */ = {isa = PBXBuildFile; fileRef = E18DEA901307E59200CA4226 /* DDData.m */; };
		E18DEABC1307E59200CA4226 /* DDNumber.m in Sources */ = {isa = PBXBuildFile; fileRef = E18DEA921307E59200CA4226 /* DDNumber.m */; };
		E18DEABD1307E59200CA4226 /* DDRange.m in Sources */ = {isa = PBXBuildFile; fileRef = E18DEA941307E59200CA4226 /* DDRange.m */; };
		E18DEABE1307E59200CA4226 /* HTTPAsyncFileResponse.m in Sources */ = {isa = PBXBuildFile; fileRef = E18DEA961307E59200CA4226 /* HTTPAsyncFileResponse.m */; };
		E18DEABF1307E59200CA4226 /* HTTPAuthenticationRequest.m in Sources */ = {isa = PBXBuildFile; fileRef = E18DEA981307E59200CA4226 /* HTTPAuthenticationRequest.m */; };
		E18DEAC01307E59200CA4226 /* HTTPConnection.m in Sources */ = {isa = PBXBuildFile; fileRef = E18DEA9A1307E59200CA4226 /* HTTPConnection.m */; };
		E18DEAC11307E59200CA4226 /* HTTPDataResponse.m in Sources */ = {isa = PBXBuildFile; fileRef = E18DEA9C1307E59200CA4226 /* HTTPDataResponse.m */; };
		E18DEAC21307E59200CA4226 /* HTTPDynamicFileResponse.m in Sources */ = {isa = PBXBuildFile; fileRef = E18DEA9E1307E59200CA4226 /* HTTPDynamicFileResponse.m */; };
		E18DEAC31307E59200CA4226 /* HTTPFileResponse.m in Sources */ = {isa = PBXBuildFile; fileRef = E18DEAA01307E59200CA4226 /* HTTPFileResponse.m */; };
		E18DEAC41307E59200CA4226 /* HTTPMessage.m in Sources */ = {isa = PBXBuildFile; fileRef = E18DEAA31307E59200CA4226 /* HTTPMessage.m */; };
		E18DEAC51307E59200CA4226 /* HTTPRedirectResponse.m in Sources */ = {isa = PBXBuildFile; fileRef = E18DEAA51307E59200CA4226 /* HTTPRedirectResponse.m */; };
		E18DEAC61307E59200CA4226 /* HTTPServer.m in Sources */ = {isa = PBXBuildFile; fileRef = E18DEAA81307E59200CA4226 /* HTTPServer.m */; };
		E18DEAC71307E59200CA4226 /* LICENSE.txt in Resources */ = {isa = PBXBuildFile; fileRef = E18DEAA91307E59200CA4226 /* LICENSE.txt */; };
		E18DEAC81307E59200CA4226 /* About.txt in Resources */ = {isa = PBXBuildFile; fileRef = E18DEAAC1307E59200CA4226 /* About.txt */; };
		E18DEAC91307E59200CA4226 /* GCDAsyncSocket.m in Sources */ = {isa = PBXBuildFile; fileRef = E18DEAAE1307E59200CA4226 /* GCDAsyncSocket.m */; };
		E18DEACA1307E59200CA4226 /* About.txt in Resources */ = {isa = PBXBuildFile; fileRef = E18DEAB01307E59200CA4226 /* About.txt */; };
		E18DEACB1307E59200CA4226 /* DDASLLogger.m in Sources */ = {isa = PBXBuildFile; fileRef = E18DEAB21307E59200CA4226 /* DDASLLogger.m */; };
		E18DEACC1307E59200CA4226 /* DDFileLogger.m in Sources */ = {isa = PBXBuildFile; fileRef = E18DEAB41307E59200CA4226 /* DDFileLogger.m */; };
		E18DEACD1307E59200CA4226 /* DDLog.m in Sources */ = {isa = PBXBuildFile; fileRef = E18DEAB61307E59200CA4226 /* DDLog.m */; };
		E18DEACE1307E59200CA4226 /* DDTTYLogger.m in Sources */ = {isa = PBXBuildFile; fileRef = E18DEAB81307E59200CA4226 /* DDTTYLogger.m */; };
		E18DEACF1307E59200CA4226 /* WebSocket.m in Sources */ = {isa = PBXBuildFile; fileRef = E18DEABA1307E59200CA4226 /* WebSocket.m */; };
		E18DEAD11307E5B500CA4226 /* Security.framework in Frameworks */ = {isa = PBXBuildFile; fileRef = E18DEAD01307E5B500CA4226 /* Security.framework */; };
		E18DEAD41307E60100CA4226 /* PPHTTPConnection.m in Sources */ = {isa = PBXBuildFile; fileRef = E18DEAD31307E60100CA4226 /* PPHTTPConnection.m */; };
		E18DEADA1307E6B200CA4226 /* PPHTTPServerController.m in Sources */ = {isa = PBXBuildFile; fileRef = E18DEAD91307E6B200CA4226 /* PPHTTPServerController.m */; };
		E18DEADC130800B500CA4226 /* PPPlaylist.m in Sources */ = {isa = PBXBuildFile; fileRef = E1E75828130570E50048344E /* PPPlaylist.m */; };
		E18DEADD13080D6F00CA4226 /* PPSpotifyTrack.m in Sources */ = {isa = PBXBuildFile; fileRef = E1E75839130576010048344E /* PPSpotifyTrack.m */; };
		E18DEADE13080D7800CA4226 /* PPPlaylistTrack.m in Sources */ = {isa = PBXBuildFile; fileRef = E1E7582C130570F70048344E /* PPPlaylistTrack.m */; };
		E18DEAE11308102F00CA4226 /* PPPlaylistTrackTests.m in Sources */ = {isa = PBXBuildFile; fileRef = E18DEAE01308102E00CA4226 /* PPPlaylistTrackTests.m */; };
		E18DEAE2130811C600CA4226 /* PPPlaylistUser.m in Sources */ = {isa = PBXBuildFile; fileRef = E1E7583C130576400048344E /* PPPlaylistUser.m */; };
		E18DEAE3130814F400CA4226 /* DDLog.m in Sources */ = {isa = PBXBuildFile; fileRef = E18DEAB61307E59200CA4226 /* DDLog.m */; };
		E18DEAE813081A4E00CA4226 /* style.css in Resources */ = {isa = PBXBuildFile; fileRef = E18DEAE513081A4E00CA4226 /* style.css */; };
		E18DEAE913081A4E00CA4226 /* tweetwishtemplate.html in Resources */ = {isa = PBXBuildFile; fileRef = E18DEAE613081A4E00CA4226 /* tweetwishtemplate.html */; };
		E18DEAEA13081A7500CA4226 /* jquery.js in Resources */ = {isa = PBXBuildFile; fileRef = E18DEAE413081A4E00CA4226 /* jquery.js */; };
		E18DEAED13081DA500CA4226 /* wishlist.js in Resources */ = {isa = PBXBuildFile; fileRef = E18DEAEB13081D9900CA4226 /* wishlist.js */; };
		E1D029B41306FDF600874960 /* PPPlaylistTests.m in Sources */ = {isa = PBXBuildFile; fileRef = E1D029B31306FDF600874960 /* PPPlaylistTests.m */; };
		E1D029B81306FED000874960 /* PPUserlist.m in Sources */ = {isa = PBXBuildFile; fileRef = E1D029B71306FECF00874960 /* PPUserlist.m */; };
		E1E75808130556F70048344E /* PPTwitterClient.m in Sources */ = {isa = PBXBuildFile; fileRef = E1E75807130556F70048344E /* PPTwitterClient.m */; };
		E1E75818130562DF0048344E /* appkey.c in Sources */ = {isa = PBXBuildFile; fileRef = E1E75812130562DF0048344E /* appkey.c */; };
		E1E75819130562DF0048344E /* audio.c in Sources */ = {isa = PBXBuildFile; fileRef = E1E75813130562DF0048344E /* audio.c */; };
		E1E7581A130562DF0048344E /* libspotify.framework in Frameworks */ = {isa = PBXBuildFile; fileRef = E1E75815130562DF0048344E /* libspotify.framework */; };
		E1E7581B130562DF0048344E /* osx-audio.c in Sources */ = {isa = PBXBuildFile; fileRef = E1E75816130562DF0048344E /* osx-audio.c */; };
		E1E7581D130563160048344E /* AudioToolbox.framework in Frameworks */ = {isa = PBXBuildFile; fileRef = E1E7581C130563160048344E /* AudioToolbox.framework */; };
		E1E758211305661F0048344E /* PPSpotifySessionImpl.m in Sources */ = {isa = PBXBuildFile; fileRef = E1E758201305661F0048344E /* PPSpotifySessionImpl.m */; };
		E1E7582413056A5A0048344E /* PPSpotifyController.m in Sources */ = {isa = PBXBuildFile; fileRef = E1E7582313056A590048344E /* PPSpotifyController.m */; };
		E1E7582613056DCB0048344E /* libspotify.framework in CopyFiles */ = {isa = PBXBuildFile; fileRef = E1E75815130562DF0048344E /* libspotify.framework */; };
		E1E75829130570E50048344E /* PPPlaylist.m in Sources */ = {isa = PBXBuildFile; fileRef = E1E75828130570E50048344E /* PPPlaylist.m */; };
		E1E7582D130570F70048344E /* PPPlaylistTrack.m in Sources */ = {isa = PBXBuildFile; fileRef = E1E7582C130570F70048344E /* PPPlaylistTrack.m */; };
		E1E75836130573960048344E /* PPPlaylistViewController.m in Sources */ = {isa = PBXBuildFile; fileRef = E1E75834130573960048344E /* PPPlaylistViewController.m */; };
		E1E7583A130576030048344E /* PPSpotifyTrack.m in Sources */ = {isa = PBXBuildFile; fileRef = E1E75839130576010048344E /* PPSpotifyTrack.m */; };
		E1E7583D130576430048344E /* PPPlaylistUser.m in Sources */ = {isa = PBXBuildFile; fileRef = E1E7583C130576400048344E /* PPPlaylistUser.m */; };
		E1FD037B1305479B0085B2AA /* Cocoa.framework in Frameworks */ = {isa = PBXBuildFile; fileRef = E1FD037A1305479B0085B2AA /* Cocoa.framework */; };
		E1FD03851305479B0085B2AA /* InfoPlist.strings in Resources */ = {isa = PBXBuildFile; fileRef = E1FD03831305479B0085B2AA /* InfoPlist.strings */; };
		E1FD03881305479B0085B2AA /* main.m in Sources */ = {isa = PBXBuildFile; fileRef = E1FD03871305479B0085B2AA /* main.m */; };
		E1FD038B1305479B0085B2AA /* Credits.rtf in Resources */ = {isa = PBXBuildFile; fileRef = E1FD03891305479B0085B2AA /* Credits.rtf */; };
		E1FD038E1305479B0085B2AA /* PPServerAppDelegate.m in Sources */ = {isa = PBXBuildFile; fileRef = E1FD038D1305479B0085B2AA /* PPServerAppDelegate.m */; };
		E1FD03911305479C0085B2AA /* MainMenu.xib in Resources */ = {isa = PBXBuildFile; fileRef = E1FD038F1305479C0085B2AA /* MainMenu.xib */; };
		E1FD03981305479C0085B2AA /* Cocoa.framework in Frameworks */ = {isa = PBXBuildFile; fileRef = E1FD037A1305479B0085B2AA /* Cocoa.framework */; };
		E1FD03A01305479C0085B2AA /* InfoPlist.strings in Resources */ = {isa = PBXBuildFile; fileRef = E1FD039E1305479C0085B2AA /* InfoPlist.strings */; };
		E1FD04101305483E0085B2AA /* MGTwitterEngine.m in Sources */ = {isa = PBXBuildFile; fileRef = E1FD03C21305483E0085B2AA /* MGTwitterEngine.m */; };
		E1FD04111305483E0085B2AA /* MGTwitterHTTPURLConnection.m in Sources */ = {isa = PBXBuildFile; fileRef = E1FD03C71305483E0085B2AA /* MGTwitterHTTPURLConnection.m */; };
		E1FD04141305483E0085B2AA /* MGTwitterMessagesParser.m in Sources */ = {isa = PBXBuildFile; fileRef = E1FD03CD1305483E0085B2AA /* MGTwitterMessagesParser.m */; };
		E1FD04171305483E0085B2AA /* MGTwitterMiscParser.m in Sources */ = {isa = PBXBuildFile; fileRef = E1FD03D31305483E0085B2AA /* MGTwitterMiscParser.m */; };
		E1FD041B1305483E0085B2AA /* MGTwitterSocialGraphParser.m in Sources */ = {isa = PBXBuildFile; fileRef = E1FD03DD1305483E0085B2AA /* MGTwitterSocialGraphParser.m */; };
		E1FD041D1305483E0085B2AA /* MGTwitterStatusesParser.m in Sources */ = {isa = PBXBuildFile; fileRef = E1FD03E11305483E0085B2AA /* MGTwitterStatusesParser.m */; };
		E1FD041F1305483E0085B2AA /* MGTwitterTouchJSONParser.m in Sources */ = {isa = PBXBuildFile; fileRef = E1FD03E51305483E0085B2AA /* MGTwitterTouchJSONParser.m */; };
		E1FD04201305483E0085B2AA /* MGTwitterUserListsParser.m in Sources */ = {isa = PBXBuildFile; fileRef = E1FD03E71305483E0085B2AA /* MGTwitterUserListsParser.m */; };
		E1FD04221305483E0085B2AA /* MGTwitterUsersParser.m in Sources */ = {isa = PBXBuildFile; fileRef = E1FD03EB1305483E0085B2AA /* MGTwitterUsersParser.m */; };
		E1FD04241305483E0085B2AA /* MGTwitterXMLParser.m in Sources */ = {isa = PBXBuildFile; fileRef = E1FD03EF1305483E0085B2AA /* MGTwitterXMLParser.m */; };
		E1FD04261305483E0085B2AA /* NSData+Base64.m in Sources */ = {isa = PBXBuildFile; fileRef = E1FD03F31305483E0085B2AA /* NSData+Base64.m */; };
		E1FD04271305483E0085B2AA /* NSString+UUID.m in Sources */ = {isa = PBXBuildFile; fileRef = E1FD03F51305483E0085B2AA /* NSString+UUID.m */; };
		E1FD044413054A410085B2AA /* CDataScanner.m in Sources */ = {isa = PBXBuildFile; fileRef = E1FD043213054A410085B2AA /* CDataScanner.m */; };
		E1FD044513054A410085B2AA /* CDataScanner_Extensions.m in Sources */ = {isa = PBXBuildFile; fileRef = E1FD043513054A410085B2AA /* CDataScanner_Extensions.m */; };
		E1FD044613054A410085B2AA /* NSCharacterSet_Extensions.m in Sources */ = {isa = PBXBuildFile; fileRef = E1FD043713054A410085B2AA /* NSCharacterSet_Extensions.m */; };
		E1FD044713054A410085B2AA /* NSDictionary_JSONExtensions.m in Sources */ = {isa = PBXBuildFile; fileRef = E1FD043913054A410085B2AA /* NSDictionary_JSONExtensions.m */; };
		E1FD044813054A410085B2AA /* NSScanner_Extensions.m in Sources */ = {isa = PBXBuildFile; fileRef = E1FD043B13054A410085B2AA /* NSScanner_Extensions.m */; };
		E1FD044913054A410085B2AA /* CJSONDeserializer.m in Sources */ = {isa = PBXBuildFile; fileRef = E1FD043E13054A410085B2AA /* CJSONDeserializer.m */; };
		E1FD044A13054A410085B2AA /* CJSONScanner.m in Sources */ = {isa = PBXBuildFile; fileRef = E1FD044013054A410085B2AA /* CJSONScanner.m */; };
		E1FD044B13054A410085B2AA /* CJSONSerializer.m in Sources */ = {isa = PBXBuildFile; fileRef = E1FD044213054A410085B2AA /* CJSONSerializer.m */; };
		E1FD049913054A630085B2AA /* NSMutableURLRequest+Parameters.m in Sources */ = {isa = PBXBuildFile; fileRef = E1FD047213054A630085B2AA /* NSMutableURLRequest+Parameters.m */; };
		E1FD049A13054A630085B2AA /* NSString+URLEncoding.m in Sources */ = {isa = PBXBuildFile; fileRef = E1FD047413054A630085B2AA /* NSString+URLEncoding.m */; };
		E1FD049B13054A630085B2AA /* NSURL+Base.m in Sources */ = {isa = PBXBuildFile; fileRef = E1FD047613054A630085B2AA /* NSURL+Base.m */; };
		E1FD049C13054A630085B2AA /* Base64Transcoder.c in Sources */ = {isa = PBXBuildFile; fileRef = E1FD047813054A630085B2AA /* Base64Transcoder.c */; };
		E1FD049D13054A630085B2AA /* hmac.c in Sources */ = {isa = PBXBuildFile; fileRef = E1FD047A13054A630085B2AA /* hmac.c */; };
		E1FD049E13054A630085B2AA /* sha1.c in Sources */ = {isa = PBXBuildFile; fileRef = E1FD047C13054A630085B2AA /* sha1.c */; };
		E1FD049F13054A630085B2AA /* OACall.m in Sources */ = {isa = PBXBuildFile; fileRef = E1FD047F13054A630085B2AA /* OACall.m */; };
		E1FD04A013054A630085B2AA /* OAConsumer.m in Sources */ = {isa = PBXBuildFile; fileRef = E1FD048113054A630085B2AA /* OAConsumer.m */; };
		E1FD04A113054A630085B2AA /* OADataFetcher.m in Sources */ = {isa = PBXBuildFile; fileRef = E1FD048313054A630085B2AA /* OADataFetcher.m */; };
		E1FD04A213054A630085B2AA /* OAHMAC_SHA1SignatureProvider.m in Sources */ = {isa = PBXBuildFile; fileRef = E1FD048513054A630085B2AA /* OAHMAC_SHA1SignatureProvider.m */; };
		E1FD04A313054A630085B2AA /* OAMutableURLRequest.m in Sources */ = {isa = PBXBuildFile; fileRef = E1FD048713054A630085B2AA /* OAMutableURLRequest.m */; };
		E1FD04A413054A630085B2AA /* OAPlaintextSignatureProvider.m in Sources */ = {isa = PBXBuildFile; fileRef = E1FD048913054A630085B2AA /* OAPlaintextSignatureProvider.m */; };
		E1FD04A513054A630085B2AA /* OAProblem.m in Sources */ = {isa = PBXBuildFile; fileRef = E1FD048B13054A630085B2AA /* OAProblem.m */; };
		E1FD04A613054A630085B2AA /* OARequestParameter.m in Sources */ = {isa = PBXBuildFile; fileRef = E1FD048D13054A630085B2AA /* OARequestParameter.m */; };
		E1FD04A713054A630085B2AA /* OAServiceTicket.m in Sources */ = {isa = PBXBuildFile; fileRef = E1FD048F13054A630085B2AA /* OAServiceTicket.m */; };
		E1FD04A813054A630085B2AA /* OATestServer.rb in Resources */ = {isa = PBXBuildFile; fileRef = E1FD049113054A630085B2AA /* OATestServer.rb */; };
		E1FD04A913054A630085B2AA /* OAToken.m in Sources */ = {isa = PBXBuildFile; fileRef = E1FD049313054A630085B2AA /* OAToken.m */; };
		E1FD04AA13054A630085B2AA /* OATokenManager.m in Sources */ = {isa = PBXBuildFile; fileRef = E1FD049513054A630085B2AA /* OATokenManager.m */; };
		E1FD04AB13054A630085B2AA /* README in Resources */ = {isa = PBXBuildFile; fileRef = E1FD049813054A630085B2AA /* README */; };
		E1FD04AE13054DA80085B2AA /* twitterkey.m in Sources */ = {isa = PBXBuildFile; fileRef = E1FD04AC13054DA80085B2AA /* twitterkey.m */; };
/* End PBXBuildFile section */

/* Begin PBXContainerItemProxy section */
		E1FD03991305479C0085B2AA /* PBXContainerItemProxy */ = {
			isa = PBXContainerItemProxy;
			containerPortal = E1FD036D1305479B0085B2AA /* Project object */;
			proxyType = 1;
			remoteGlobalIDString = E1FD03751305479B0085B2AA;
			remoteInfo = PPServer;
		};
/* End PBXContainerItemProxy section */

/* Begin PBXCopyFilesBuildPhase section */
		E1E7582513056DB20048344E /* CopyFiles */ = {
			isa = PBXCopyFilesBuildPhase;
			buildActionMask = 2147483647;
			dstPath = "";
			dstSubfolderSpec = 10;
			files = (
				E1E7582613056DCB0048344E /* libspotify.framework in CopyFiles */,
			);
			runOnlyForDeploymentPostprocessing = 0;
		};
/* End PBXCopyFilesBuildPhase section */

/* Begin PBXFileReference section */
		E124C8E413059F330097A72F /* PPSpotifyTweetParser.h */ = {isa = PBXFileReference; fileEncoding = 4; lastKnownFileType = sourcecode.c.h; path = PPSpotifyTweetParser.h; sourceTree = "<group>"; };
		E124C8E513059F330097A72F /* PPSpotifyTweetParser.m */ = {isa = PBXFileReference; fileEncoding = 4; lastKnownFileType = sourcecode.c.objc; path = PPSpotifyTweetParser.m; sourceTree = "<group>"; };
		E124C8EA13059F690097A72F /* PPSpotifyTweetParserTests.m */ = {isa = PBXFileReference; fileEncoding = 4; lastKnownFileType = sourcecode.c.objc; path = PPSpotifyTweetParserTests.m; sourceTree = "<group>"; };
		E124C8EC1305CA160097A72F /* PPPlayingViewController.h */ = {isa = PBXFileReference; fileEncoding = 4; lastKnownFileType = sourcecode.c.h; path = PPPlayingViewController.h; sourceTree = "<group>"; };
		E124C8ED1305CA160097A72F /* PPPlayingViewController.m */ = {isa = PBXFileReference; fileEncoding = 4; lastKnownFileType = sourcecode.c.objc; path = PPPlayingViewController.m; sourceTree = "<group>"; };
		E124C8F21305CB510097A72F /* PPTrackView.xib */ = {isa = PBXFileReference; fileEncoding = 4; lastKnownFileType = file.xib; path = PPTrackView.xib; sourceTree = "<group>"; };
		E16337B91307D8DA0051471A /* WebKit.framework */ = {isa = PBXFileReference; lastKnownFileType = wrapper.framework; name = WebKit.framework; path = System/Library/Frameworks/WebKit.framework; sourceTree = SDKROOT; };
		E18DEA841307E08500CA4226 /* index.html */ = {isa = PBXFileReference; fileEncoding = 4; lastKnownFileType = text.html; path = index.html; sourceTree = "<group>"; };
		E18DEA8F1307E59200CA4226 /* DDData.h */ = {isa = PBXFileReference; fileEncoding = 4; lastKnownFileType = sourcecode.c.h; path = DDData.h; sourceTree = "<group>"; };
		E18DEA901307E59200CA4226 /* DDData.m */ = {isa = PBXFileReference; fileEncoding = 4; lastKnownFileType = sourcecode.c.objc; path = DDData.m; sourceTree = "<group>"; };
		E18DEA911307E59200CA4226 /* DDNumber.h */ = {isa = PBXFileReference; fileEncoding = 4; lastKnownFileType = sourcecode.c.h; path = DDNumber.h; sourceTree = "<group>"; };
		E18DEA921307E59200CA4226 /* DDNumber.m */ = {isa = PBXFileReference; fileEncoding = 4; lastKnownFileType = sourcecode.c.objc; path = DDNumber.m; sourceTree = "<group>"; };
		E18DEA931307E59200CA4226 /* DDRange.h */ = {isa = PBXFileReference; fileEncoding = 4; lastKnownFileType = sourcecode.c.h; path = DDRange.h; sourceTree = "<group>"; };
		E18DEA941307E59200CA4226 /* DDRange.m */ = {isa = PBXFileReference; fileEncoding = 4; lastKnownFileType = sourcecode.c.objc; path = DDRange.m; sourceTree = "<group>"; };
		E18DEA951307E59200CA4226 /* HTTPAsyncFileResponse.h */ = {isa = PBXFileReference; fileEncoding = 4; lastKnownFileType = sourcecode.c.h; path = HTTPAsyncFileResponse.h; sourceTree = "<group>"; };
		E18DEA961307E59200CA4226 /* HTTPAsyncFileResponse.m */ = {isa = PBXFileReference; fileEncoding = 4; lastKnownFileType = sourcecode.c.objc; path = HTTPAsyncFileResponse.m; sourceTree = "<group>"; };
		E18DEA971307E59200CA4226 /* HTTPAuthenticationRequest.h */ = {isa = PBXFileReference; fileEncoding = 4; lastKnownFileType = sourcecode.c.h; path = HTTPAuthenticationRequest.h; sourceTree = "<group>"; };
		E18DEA981307E59200CA4226 /* HTTPAuthenticationRequest.m */ = {isa = PBXFileReference; fileEncoding = 4; lastKnownFileType = sourcecode.c.objc; path = HTTPAuthenticationRequest.m; sourceTree = "<group>"; };
		E18DEA991307E59200CA4226 /* HTTPConnection.h */ = {isa = PBXFileReference; fileEncoding = 4; lastKnownFileType = sourcecode.c.h; path = HTTPConnection.h; sourceTree = "<group>"; };
		E18DEA9A1307E59200CA4226 /* HTTPConnection.m */ = {isa = PBXFileReference; fileEncoding = 4; lastKnownFileType = sourcecode.c.objc; path = HTTPConnection.m; sourceTree = "<group>"; };
		E18DEA9B1307E59200CA4226 /* HTTPDataResponse.h */ = {isa = PBXFileReference; fileEncoding = 4; lastKnownFileType = sourcecode.c.h; path = HTTPDataResponse.h; sourceTree = "<group>"; };
		E18DEA9C1307E59200CA4226 /* HTTPDataResponse.m */ = {isa = PBXFileReference; fileEncoding = 4; lastKnownFileType = sourcecode.c.objc; path = HTTPDataResponse.m; sourceTree = "<group>"; };
		E18DEA9D1307E59200CA4226 /* HTTPDynamicFileResponse.h */ = {isa = PBXFileReference; fileEncoding = 4; lastKnownFileType = sourcecode.c.h; path = HTTPDynamicFileResponse.h; sourceTree = "<group>"; };
		E18DEA9E1307E59200CA4226 /* HTTPDynamicFileResponse.m */ = {isa = PBXFileReference; fileEncoding = 4; lastKnownFileType = sourcecode.c.objc; path = HTTPDynamicFileResponse.m; sourceTree = "<group>"; };
		E18DEA9F1307E59200CA4226 /* HTTPFileResponse.h */ = {isa = PBXFileReference; fileEncoding = 4; lastKnownFileType = sourcecode.c.h; path = HTTPFileResponse.h; sourceTree = "<group>"; };
		E18DEAA01307E59200CA4226 /* HTTPFileResponse.m */ = {isa = PBXFileReference; fileEncoding = 4; lastKnownFileType = sourcecode.c.objc; path = HTTPFileResponse.m; sourceTree = "<group>"; };
		E18DEAA11307E59200CA4226 /* HTTPLogging.h */ = {isa = PBXFileReference; fileEncoding = 4; lastKnownFileType = sourcecode.c.h; path = HTTPLogging.h; sourceTree = "<group>"; };
		E18DEAA21307E59200CA4226 /* HTTPMessage.h */ = {isa = PBXFileReference; fileEncoding = 4; lastKnownFileType = sourcecode.c.h; path = HTTPMessage.h; sourceTree = "<group>"; };
		E18DEAA31307E59200CA4226 /* HTTPMessage.m */ = {isa = PBXFileReference; fileEncoding = 4; lastKnownFileType = sourcecode.c.objc; path = HTTPMessage.m; sourceTree = "<group>"; };
		E18DEAA41307E59200CA4226 /* HTTPRedirectResponse.h */ = {isa = PBXFileReference; fileEncoding = 4; lastKnownFileType = sourcecode.c.h; path = HTTPRedirectResponse.h; sourceTree = "<group>"; };
		E18DEAA51307E59200CA4226 /* HTTPRedirectResponse.m */ = {isa = PBXFileReference; fileEncoding = 4; lastKnownFileType = sourcecode.c.objc; path = HTTPRedirectResponse.m; sourceTree = "<group>"; };
		E18DEAA61307E59200CA4226 /* HTTPResponse.h */ = {isa = PBXFileReference; fileEncoding = 4; lastKnownFileType = sourcecode.c.h; path = HTTPResponse.h; sourceTree = "<group>"; };
		E18DEAA71307E59200CA4226 /* HTTPServer.h */ = {isa = PBXFileReference; fileEncoding = 4; lastKnownFileType = sourcecode.c.h; path = HTTPServer.h; sourceTree = "<group>"; };
		E18DEAA81307E59200CA4226 /* HTTPServer.m */ = {isa = PBXFileReference; fileEncoding = 4; lastKnownFileType = sourcecode.c.objc; path = HTTPServer.m; sourceTree = "<group>"; };
		E18DEAA91307E59200CA4226 /* LICENSE.txt */ = {isa = PBXFileReference; fileEncoding = 4; lastKnownFileType = text; path = LICENSE.txt; sourceTree = "<group>"; };
		E18DEAAC1307E59200CA4226 /* About.txt */ = {isa = PBXFileReference; fileEncoding = 4; lastKnownFileType = text; path = About.txt; sourceTree = "<group>"; };
		E18DEAAD1307E59200CA4226 /* GCDAsyncSocket.h */ = {isa = PBXFileReference; fileEncoding = 4; lastKnownFileType = sourcecode.c.h; path = GCDAsyncSocket.h; sourceTree = "<group>"; };
		E18DEAAE1307E59200CA4226 /* GCDAsyncSocket.m */ = {isa = PBXFileReference; fileEncoding = 4; lastKnownFileType = sourcecode.c.objc; path = GCDAsyncSocket.m; sourceTree = "<group>"; };
		E18DEAB01307E59200CA4226 /* About.txt */ = {isa = PBXFileReference; fileEncoding = 4; lastKnownFileType = text; path = About.txt; sourceTree = "<group>"; };
		E18DEAB11307E59200CA4226 /* DDASLLogger.h */ = {isa = PBXFileReference; fileEncoding = 4; lastKnownFileType = sourcecode.c.h; path = DDASLLogger.h; sourceTree = "<group>"; };
		E18DEAB21307E59200CA4226 /* DDASLLogger.m */ = {isa = PBXFileReference; fileEncoding = 4; lastKnownFileType = sourcecode.c.objc; path = DDASLLogger.m; sourceTree = "<group>"; };
		E18DEAB31307E59200CA4226 /* DDFileLogger.h */ = {isa = PBXFileReference; fileEncoding = 4; lastKnownFileType = sourcecode.c.h; path = DDFileLogger.h; sourceTree = "<group>"; };
		E18DEAB41307E59200CA4226 /* DDFileLogger.m */ = {isa = PBXFileReference; fileEncoding = 4; lastKnownFileType = sourcecode.c.objc; path = DDFileLogger.m; sourceTree = "<group>"; };
		E18DEAB51307E59200CA4226 /* DDLog.h */ = {isa = PBXFileReference; fileEncoding = 4; lastKnownFileType = sourcecode.c.h; path = DDLog.h; sourceTree = "<group>"; };
		E18DEAB61307E59200CA4226 /* DDLog.m */ = {isa = PBXFileReference; fileEncoding = 4; lastKnownFileType = sourcecode.c.objc; path = DDLog.m; sourceTree = "<group>"; };
		E18DEAB71307E59200CA4226 /* DDTTYLogger.h */ = {isa = PBXFileReference; fileEncoding = 4; lastKnownFileType = sourcecode.c.h; path = DDTTYLogger.h; sourceTree = "<group>"; };
		E18DEAB81307E59200CA4226 /* DDTTYLogger.m */ = {isa = PBXFileReference; fileEncoding = 4; lastKnownFileType = sourcecode.c.objc; path = DDTTYLogger.m; sourceTree = "<group>"; };
		E18DEAB91307E59200CA4226 /* WebSocket.h */ = {isa = PBXFileReference; fileEncoding = 4; lastKnownFileType = sourcecode.c.h; path = WebSocket.h; sourceTree = "<group>"; };
		E18DEABA1307E59200CA4226 /* WebSocket.m */ = {isa = PBXFileReference; fileEncoding = 4; lastKnownFileType = sourcecode.c.objc; path = WebSocket.m; sourceTree = "<group>"; };
		E18DEAD01307E5B500CA4226 /* Security.framework */ = {isa = PBXFileReference; lastKnownFileType = wrapper.framework; name = Security.framework; path = System/Library/Frameworks/Security.framework; sourceTree = SDKROOT; };
		E18DEAD21307E60100CA4226 /* PPHTTPConnection.h */ = {isa = PBXFileReference; fileEncoding = 4; lastKnownFileType = sourcecode.c.h; path = PPHTTPConnection.h; sourceTree = "<group>"; };
		E18DEAD31307E60100CA4226 /* PPHTTPConnection.m */ = {isa = PBXFileReference; fileEncoding = 4; lastKnownFileType = sourcecode.c.objc; path = PPHTTPConnection.m; sourceTree = "<group>"; };
		E18DEAD81307E6B200CA4226 /* PPHTTPServerController.h */ = {isa = PBXFileReference; fileEncoding = 4; lastKnownFileType = sourcecode.c.h; path = PPHTTPServerController.h; sourceTree = "<group>"; };
		E18DEAD91307E6B200CA4226 /* PPHTTPServerController.m */ = {isa = PBXFileReference; fileEncoding = 4; lastKnownFileType = sourcecode.c.objc; path = PPHTTPServerController.m; sourceTree = "<group>"; };
		E18DEADB1307F56A00CA4226 /* PPSpotifySession.h */ = {isa = PBXFileReference; fileEncoding = 4; lastKnownFileType = sourcecode.c.h; path = PPSpotifySession.h; sourceTree = "<group>"; };
		E18DEAE01308102E00CA4226 /* PPPlaylistTrackTests.m */ = {isa = PBXFileReference; fileEncoding = 4; lastKnownFileType = sourcecode.c.objc; path = PPPlaylistTrackTests.m; sourceTree = "<group>"; };
		E18DEAE413081A4E00CA4226 /* jquery.js */ = {isa = PBXFileReference; fileEncoding = 4; lastKnownFileType = sourcecode.javascript; path = jquery.js; sourceTree = "<group>"; };
		E18DEAE513081A4E00CA4226 /* style.css */ = {isa = PBXFileReference; fileEncoding = 4; lastKnownFileType = text.css; path = style.css; sourceTree = "<group>"; };
		E18DEAE613081A4E00CA4226 /* tweetwishtemplate.html */ = {isa = PBXFileReference; fileEncoding = 4; lastKnownFileType = text.html; path = tweetwishtemplate.html; sourceTree = "<group>"; };
		E18DEAEB13081D9900CA4226 /* wishlist.js */ = {isa = PBXFileReference; fileEncoding = 4; lastKnownFileType = sourcecode.javascript; path = wishlist.js; sourceTree = "<group>"; };
		E1D029B31306FDF600874960 /* PPPlaylistTests.m */ = {isa = PBXFileReference; fileEncoding = 4; lastKnownFileType = sourcecode.c.objc; path = PPPlaylistTests.m; sourceTree = "<group>"; };
		E1D029B61306FECF00874960 /* PPUserlist.h */ = {isa = PBXFileReference; fileEncoding = 4; lastKnownFileType = sourcecode.c.h; path = PPUserlist.h; sourceTree = "<group>"; };
		E1D029B71306FECF00874960 /* PPUserlist.m */ = {isa = PBXFileReference; fileEncoding = 4; lastKnownFileType = sourcecode.c.objc; path = PPUserlist.m; sourceTree = "<group>"; };
		E1E75806130556F70048344E /* PPTwitterClient.h */ = {isa = PBXFileReference; fileEncoding = 4; lastKnownFileType = sourcecode.c.h; path = PPTwitterClient.h; sourceTree = "<group>"; };
		E1E75807130556F70048344E /* PPTwitterClient.m */ = {isa = PBXFileReference; fileEncoding = 4; lastKnownFileType = sourcecode.c.objc; path = PPTwitterClient.m; sourceTree = "<group>"; };
		E1E75812130562DF0048344E /* appkey.c */ = {isa = PBXFileReference; fileEncoding = 4; lastKnownFileType = sourcecode.c.c; path = appkey.c; sourceTree = "<group>"; };
		E1E75813130562DF0048344E /* audio.c */ = {isa = PBXFileReference; fileEncoding = 4; lastKnownFileType = sourcecode.c.c; path = audio.c; sourceTree = "<group>"; };
		E1E75814130562DF0048344E /* audio.h */ = {isa = PBXFileReference; fileEncoding = 4; lastKnownFileType = sourcecode.c.h; path = audio.h; sourceTree = "<group>"; };
		E1E75815130562DF0048344E /* libspotify.framework */ = {isa = PBXFileReference; lastKnownFileType = wrapper.framework; name = libspotify.framework; path = ../ExternalCode/libspotify/libspotify.framework; sourceTree = "<group>"; };
		E1E75816130562DF0048344E /* osx-audio.c */ = {isa = PBXFileReference; fileEncoding = 4; lastKnownFileType = sourcecode.c.c; path = "osx-audio.c"; sourceTree = "<group>"; };
		E1E75817130562DF0048344E /* queue.h */ = {isa = PBXFileReference; fileEncoding = 4; lastKnownFileType = sourcecode.c.h; path = queue.h; sourceTree = "<group>"; };
		E1E7581C130563160048344E /* AudioToolbox.framework */ = {isa = PBXFileReference; lastKnownFileType = wrapper.framework; name = AudioToolbox.framework; path = System/Library/Frameworks/AudioToolbox.framework; sourceTree = SDKROOT; };
		E1E7581F1305661F0048344E /* PPSpotifySessionImpl.h */ = {isa = PBXFileReference; fileEncoding = 4; lastKnownFileType = sourcecode.c.h; path = PPSpotifySessionImpl.h; sourceTree = "<group>"; };
		E1E758201305661F0048344E /* PPSpotifySessionImpl.m */ = {isa = PBXFileReference; fileEncoding = 4; lastKnownFileType = sourcecode.c.objc; path = PPSpotifySessionImpl.m; sourceTree = "<group>"; };
		E1E7582213056A590048344E /* PPSpotifyController.h */ = {isa = PBXFileReference; fileEncoding = 4; lastKnownFileType = sourcecode.c.h; path = PPSpotifyController.h; sourceTree = "<group>"; };
		E1E7582313056A590048344E /* PPSpotifyController.m */ = {isa = PBXFileReference; fileEncoding = 4; lastKnownFileType = sourcecode.c.objc; path = PPSpotifyController.m; sourceTree = "<group>"; };
		E1E75827130570E50048344E /* PPPlaylist.h */ = {isa = PBXFileReference; fileEncoding = 4; lastKnownFileType = sourcecode.c.h; path = PPPlaylist.h; sourceTree = "<group>"; };
		E1E75828130570E50048344E /* PPPlaylist.m */ = {isa = PBXFileReference; fileEncoding = 4; lastKnownFileType = sourcecode.c.objc; path = PPPlaylist.m; sourceTree = "<group>"; };
		E1E7582B130570F70048344E /* PPPlaylistTrack.h */ = {isa = PBXFileReference; fileEncoding = 4; lastKnownFileType = sourcecode.c.h; path = PPPlaylistTrack.h; sourceTree = "<group>"; };
		E1E7582C130570F70048344E /* PPPlaylistTrack.m */ = {isa = PBXFileReference; fileEncoding = 4; lastKnownFileType = sourcecode.c.objc; path = PPPlaylistTrack.m; sourceTree = "<group>"; };
		E1E75833130573960048344E /* PPPlaylistViewController.h */ = {isa = PBXFileReference; fileEncoding = 4; lastKnownFileType = sourcecode.c.h; path = PPPlaylistViewController.h; sourceTree = "<group>"; };
		E1E75834130573960048344E /* PPPlaylistViewController.m */ = {isa = PBXFileReference; fileEncoding = 4; lastKnownFileType = sourcecode.c.objc; path = PPPlaylistViewController.m; sourceTree = "<group>"; };
		E1E75838130576010048344E /* PPSpotifyTrack.h */ = {isa = PBXFileReference; fileEncoding = 4; lastKnownFileType = sourcecode.c.h; path = PPSpotifyTrack.h; sourceTree = "<group>"; };
		E1E75839130576010048344E /* PPSpotifyTrack.m */ = {isa = PBXFileReference; fileEncoding = 4; lastKnownFileType = sourcecode.c.objc; path = PPSpotifyTrack.m; sourceTree = "<group>"; };
		E1E7583B1305763F0048344E /* PPPlaylistUser.h */ = {isa = PBXFileReference; fileEncoding = 4; lastKnownFileType = sourcecode.c.h; path = PPPlaylistUser.h; sourceTree = "<group>"; };
		E1E7583C130576400048344E /* PPPlaylistUser.m */ = {isa = PBXFileReference; fileEncoding = 4; lastKnownFileType = sourcecode.c.objc; path = PPPlaylistUser.m; sourceTree = "<group>"; };
		E1FD03761305479B0085B2AA /* PPServer.app */ = {isa = PBXFileReference; explicitFileType = wrapper.application; includeInIndex = 0; path = PPServer.app; sourceTree = BUILT_PRODUCTS_DIR; };
		E1FD037A1305479B0085B2AA /* Cocoa.framework */ = {isa = PBXFileReference; lastKnownFileType = wrapper.framework; name = Cocoa.framework; path = System/Library/Frameworks/Cocoa.framework; sourceTree = SDKROOT; };
		E1FD037D1305479B0085B2AA /* AppKit.framework */ = {isa = PBXFileReference; lastKnownFileType = wrapper.framework; name = AppKit.framework; path = System/Library/Frameworks/AppKit.framework; sourceTree = SDKROOT; };
		E1FD037E1305479B0085B2AA /* CoreData.framework */ = {isa = PBXFileReference; lastKnownFileType = wrapper.framework; name = CoreData.framework; path = System/Library/Frameworks/CoreData.framework; sourceTree = SDKROOT; };
		E1FD037F1305479B0085B2AA /* Foundation.framework */ = {isa = PBXFileReference; lastKnownFileType = wrapper.framework; name = Foundation.framework; path = System/Library/Frameworks/Foundation.framework; sourceTree = SDKROOT; };
		E1FD03821305479B0085B2AA /* PPServer-Info.plist */ = {isa = PBXFileReference; lastKnownFileType = text.plist.xml; path = "PPServer-Info.plist"; sourceTree = "<group>"; };
		E1FD03841305479B0085B2AA /* en */ = {isa = PBXFileReference; lastKnownFileType = text.plist.strings; name = en; path = en.lproj/InfoPlist.strings; sourceTree = "<group>"; };
		E1FD03861305479B0085B2AA /* PPServer-Prefix.pch */ = {isa = PBXFileReference; lastKnownFileType = sourcecode.c.h; path = "PPServer-Prefix.pch"; sourceTree = "<group>"; };
		E1FD03871305479B0085B2AA /* main.m */ = {isa = PBXFileReference; lastKnownFileType = sourcecode.c.objc; path = main.m; sourceTree = "<group>"; };
		E1FD038A1305479B0085B2AA /* en */ = {isa = PBXFileReference; lastKnownFileType = text.rtf; name = en; path = en.lproj/Credits.rtf; sourceTree = "<group>"; };
		E1FD038C1305479B0085B2AA /* PPServerAppDelegate.h */ = {isa = PBXFileReference; lastKnownFileType = sourcecode.c.h; path = PPServerAppDelegate.h; sourceTree = "<group>"; };
		E1FD038D1305479B0085B2AA /* PPServerAppDelegate.m */ = {isa = PBXFileReference; lastKnownFileType = sourcecode.c.objc; path = PPServerAppDelegate.m; sourceTree = "<group>"; };
		E1FD03901305479C0085B2AA /* en */ = {isa = PBXFileReference; lastKnownFileType = file.xib; name = en; path = en.lproj/MainMenu.xib; sourceTree = "<group>"; };
		E1FD03971305479C0085B2AA /* PPServerTests.octest */ = {isa = PBXFileReference; explicitFileType = wrapper.cfbundle; includeInIndex = 0; path = PPServerTests.octest; sourceTree = BUILT_PRODUCTS_DIR; };
		E1FD039D1305479C0085B2AA /* PPServerTests-Info.plist */ = {isa = PBXFileReference; lastKnownFileType = text.plist.xml; path = "PPServerTests-Info.plist"; sourceTree = "<group>"; };
		E1FD039F1305479C0085B2AA /* en */ = {isa = PBXFileReference; lastKnownFileType = text.plist.strings; name = en; path = en.lproj/InfoPlist.strings; sourceTree = "<group>"; };
		E1FD03A11305479C0085B2AA /* PPServerTests-Prefix.pch */ = {isa = PBXFileReference; lastKnownFileType = sourcecode.c.h; path = "PPServerTests-Prefix.pch"; sourceTree = "<group>"; };
		E1FD03C11305483E0085B2AA /* MGTwitterEngine.h */ = {isa = PBXFileReference; fileEncoding = 4; lastKnownFileType = sourcecode.c.h; path = MGTwitterEngine.h; sourceTree = "<group>"; };
		E1FD03C21305483E0085B2AA /* MGTwitterEngine.m */ = {isa = PBXFileReference; fileEncoding = 4; lastKnownFileType = sourcecode.c.objc; path = MGTwitterEngine.m; sourceTree = "<group>"; };
		E1FD03C31305483E0085B2AA /* MGTwitterEngine_Prefix.pch */ = {isa = PBXFileReference; fileEncoding = 4; lastKnownFileType = sourcecode.c.h; path = MGTwitterEngine_Prefix.pch; sourceTree = "<group>"; };
		E1FD03C41305483E0085B2AA /* MGTwitterEngineDelegate.h */ = {isa = PBXFileReference; fileEncoding = 4; lastKnownFileType = sourcecode.c.h; path = MGTwitterEngineDelegate.h; sourceTree = "<group>"; };
		E1FD03C51305483E0085B2AA /* MGTwitterEngineGlobalHeader.h */ = {isa = PBXFileReference; fileEncoding = 4; lastKnownFileType = sourcecode.c.h; path = MGTwitterEngineGlobalHeader.h; sourceTree = "<group>"; };
		E1FD03C61305483E0085B2AA /* MGTwitterHTTPURLConnection.h */ = {isa = PBXFileReference; fileEncoding = 4; lastKnownFileType = sourcecode.c.h; path = MGTwitterHTTPURLConnection.h; sourceTree = "<group>"; };
		E1FD03C71305483E0085B2AA /* MGTwitterHTTPURLConnection.m */ = {isa = PBXFileReference; fileEncoding = 4; lastKnownFileType = sourcecode.c.objc; path = MGTwitterHTTPURLConnection.m; sourceTree = "<group>"; };
		E1FD03CC1305483E0085B2AA /* MGTwitterMessagesParser.h */ = {isa = PBXFileReference; fileEncoding = 4; lastKnownFileType = sourcecode.c.h; path = MGTwitterMessagesParser.h; sourceTree = "<group>"; };
		E1FD03CD1305483E0085B2AA /* MGTwitterMessagesParser.m */ = {isa = PBXFileReference; fileEncoding = 4; lastKnownFileType = sourcecode.c.objc; path = MGTwitterMessagesParser.m; sourceTree = "<group>"; };
		E1FD03D21305483E0085B2AA /* MGTwitterMiscParser.h */ = {isa = PBXFileReference; fileEncoding = 4; lastKnownFileType = sourcecode.c.h; path = MGTwitterMiscParser.h; sourceTree = "<group>"; };
		E1FD03D31305483E0085B2AA /* MGTwitterMiscParser.m */ = {isa = PBXFileReference; fileEncoding = 4; lastKnownFileType = sourcecode.c.objc; path = MGTwitterMiscParser.m; sourceTree = "<group>"; };
		E1FD03D61305483E0085B2AA /* MGTwitterParserDelegate.h */ = {isa = PBXFileReference; fileEncoding = 4; lastKnownFileType = sourcecode.c.h; path = MGTwitterParserDelegate.h; sourceTree = "<group>"; };
		E1FD03D71305483E0085B2AA /* MGTwitterRequestTypes.h */ = {isa = PBXFileReference; fileEncoding = 4; lastKnownFileType = sourcecode.c.h; path = MGTwitterRequestTypes.h; sourceTree = "<group>"; };
		E1FD03DC1305483E0085B2AA /* MGTwitterSocialGraphParser.h */ = {isa = PBXFileReference; fileEncoding = 4; lastKnownFileType = sourcecode.c.h; path = MGTwitterSocialGraphParser.h; sourceTree = "<group>"; };
		E1FD03DD1305483E0085B2AA /* MGTwitterSocialGraphParser.m */ = {isa = PBXFileReference; fileEncoding = 4; lastKnownFileType = sourcecode.c.objc; path = MGTwitterSocialGraphParser.m; sourceTree = "<group>"; };
		E1FD03E01305483E0085B2AA /* MGTwitterStatusesParser.h */ = {isa = PBXFileReference; fileEncoding = 4; lastKnownFileType = sourcecode.c.h; path = MGTwitterStatusesParser.h; sourceTree = "<group>"; };
		E1FD03E11305483E0085B2AA /* MGTwitterStatusesParser.m */ = {isa = PBXFileReference; fileEncoding = 4; lastKnownFileType = sourcecode.c.objc; path = MGTwitterStatusesParser.m; sourceTree = "<group>"; };
		E1FD03E41305483E0085B2AA /* MGTwitterTouchJSONParser.h */ = {isa = PBXFileReference; fileEncoding = 4; lastKnownFileType = sourcecode.c.h; path = MGTwitterTouchJSONParser.h; sourceTree = "<group>"; };
		E1FD03E51305483E0085B2AA /* MGTwitterTouchJSONParser.m */ = {isa = PBXFileReference; fileEncoding = 4; lastKnownFileType = sourcecode.c.objc; path = MGTwitterTouchJSONParser.m; sourceTree = "<group>"; };
		E1FD03E61305483E0085B2AA /* MGTwitterUserListsParser.h */ = {isa = PBXFileReference; fileEncoding = 4; lastKnownFileType = sourcecode.c.h; path = MGTwitterUserListsParser.h; sourceTree = "<group>"; };
		E1FD03E71305483E0085B2AA /* MGTwitterUserListsParser.m */ = {isa = PBXFileReference; fileEncoding = 4; lastKnownFileType = sourcecode.c.objc; path = MGTwitterUserListsParser.m; sourceTree = "<group>"; };
		E1FD03EA1305483E0085B2AA /* MGTwitterUsersParser.h */ = {isa = PBXFileReference; fileEncoding = 4; lastKnownFileType = sourcecode.c.h; path = MGTwitterUsersParser.h; sourceTree = "<group>"; };
		E1FD03EB1305483E0085B2AA /* MGTwitterUsersParser.m */ = {isa = PBXFileReference; fileEncoding = 4; lastKnownFileType = sourcecode.c.objc; path = MGTwitterUsersParser.m; sourceTree = "<group>"; };
		E1FD03EE1305483E0085B2AA /* MGTwitterXMLParser.h */ = {isa = PBXFileReference; fileEncoding = 4; lastKnownFileType = sourcecode.c.h; path = MGTwitterXMLParser.h; sourceTree = "<group>"; };
		E1FD03EF1305483E0085B2AA /* MGTwitterXMLParser.m */ = {isa = PBXFileReference; fileEncoding = 4; lastKnownFileType = sourcecode.c.objc; path = MGTwitterXMLParser.m; sourceTree = "<group>"; };
		E1FD03F21305483E0085B2AA /* NSData+Base64.h */ = {isa = PBXFileReference; fileEncoding = 4; lastKnownFileType = sourcecode.c.h; path = "NSData+Base64.h"; sourceTree = "<group>"; };
		E1FD03F31305483E0085B2AA /* NSData+Base64.m */ = {isa = PBXFileReference; fileEncoding = 4; lastKnownFileType = sourcecode.c.objc; path = "NSData+Base64.m"; sourceTree = "<group>"; };
		E1FD03F41305483E0085B2AA /* NSString+UUID.h */ = {isa = PBXFileReference; fileEncoding = 4; lastKnownFileType = sourcecode.c.h; path = "NSString+UUID.h"; sourceTree = "<group>"; };
		E1FD03F51305483E0085B2AA /* NSString+UUID.m */ = {isa = PBXFileReference; fileEncoding = 4; lastKnownFileType = sourcecode.c.objc; path = "NSString+UUID.m"; sourceTree = "<group>"; };
		E1FD043113054A410085B2AA /* CDataScanner.h */ = {isa = PBXFileReference; fileEncoding = 4; lastKnownFileType = sourcecode.c.h; path = CDataScanner.h; sourceTree = "<group>"; };
		E1FD043213054A410085B2AA /* CDataScanner.m */ = {isa = PBXFileReference; fileEncoding = 4; lastKnownFileType = sourcecode.c.objc; path = CDataScanner.m; sourceTree = "<group>"; };
		E1FD043413054A410085B2AA /* CDataScanner_Extensions.h */ = {isa = PBXFileReference; fileEncoding = 4; lastKnownFileType = sourcecode.c.h; path = CDataScanner_Extensions.h; sourceTree = "<group>"; };
		E1FD043513054A410085B2AA /* CDataScanner_Extensions.m */ = {isa = PBXFileReference; fileEncoding = 4; lastKnownFileType = sourcecode.c.objc; path = CDataScanner_Extensions.m; sourceTree = "<group>"; };
		E1FD043613054A410085B2AA /* NSCharacterSet_Extensions.h */ = {isa = PBXFileReference; fileEncoding = 4; lastKnownFileType = sourcecode.c.h; path = NSCharacterSet_Extensions.h; sourceTree = "<group>"; };
		E1FD043713054A410085B2AA /* NSCharacterSet_Extensions.m */ = {isa = PBXFileReference; fileEncoding = 4; lastKnownFileType = sourcecode.c.objc; path = NSCharacterSet_Extensions.m; sourceTree = "<group>"; };
		E1FD043813054A410085B2AA /* NSDictionary_JSONExtensions.h */ = {isa = PBXFileReference; fileEncoding = 4; lastKnownFileType = sourcecode.c.h; path = NSDictionary_JSONExtensions.h; sourceTree = "<group>"; };
		E1FD043913054A410085B2AA /* NSDictionary_JSONExtensions.m */ = {isa = PBXFileReference; fileEncoding = 4; lastKnownFileType = sourcecode.c.objc; path = NSDictionary_JSONExtensions.m; sourceTree = "<group>"; };
		E1FD043A13054A410085B2AA /* NSScanner_Extensions.h */ = {isa = PBXFileReference; fileEncoding = 4; lastKnownFileType = sourcecode.c.h; path = NSScanner_Extensions.h; sourceTree = "<group>"; };
		E1FD043B13054A410085B2AA /* NSScanner_Extensions.m */ = {isa = PBXFileReference; fileEncoding = 4; lastKnownFileType = sourcecode.c.objc; path = NSScanner_Extensions.m; sourceTree = "<group>"; };
		E1FD043D13054A410085B2AA /* CJSONDeserializer.h */ = {isa = PBXFileReference; fileEncoding = 4; lastKnownFileType = sourcecode.c.h; path = CJSONDeserializer.h; sourceTree = "<group>"; };
		E1FD043E13054A410085B2AA /* CJSONDeserializer.m */ = {isa = PBXFileReference; fileEncoding = 4; lastKnownFileType = sourcecode.c.objc; path = CJSONDeserializer.m; sourceTree = "<group>"; };
		E1FD043F13054A410085B2AA /* CJSONScanner.h */ = {isa = PBXFileReference; fileEncoding = 4; lastKnownFileType = sourcecode.c.h; path = CJSONScanner.h; sourceTree = "<group>"; };
		E1FD044013054A410085B2AA /* CJSONScanner.m */ = {isa = PBXFileReference; fileEncoding = 4; lastKnownFileType = sourcecode.c.objc; path = CJSONScanner.m; sourceTree = "<group>"; };
		E1FD044113054A410085B2AA /* CJSONSerializer.h */ = {isa = PBXFileReference; fileEncoding = 4; lastKnownFileType = sourcecode.c.h; path = CJSONSerializer.h; sourceTree = "<group>"; };
		E1FD044213054A410085B2AA /* CJSONSerializer.m */ = {isa = PBXFileReference; fileEncoding = 4; lastKnownFileType = sourcecode.c.objc; path = CJSONSerializer.m; sourceTree = "<group>"; };
		E1FD044313054A410085B2AA /* JSONRepresentation.h */ = {isa = PBXFileReference; fileEncoding = 4; lastKnownFileType = sourcecode.c.h; path = JSONRepresentation.h; sourceTree = "<group>"; };
		E1FD047113054A630085B2AA /* NSMutableURLRequest+Parameters.h */ = {isa = PBXFileReference; fileEncoding = 4; lastKnownFileType = sourcecode.c.h; path = "NSMutableURLRequest+Parameters.h"; sourceTree = "<group>"; };
		E1FD047213054A630085B2AA /* NSMutableURLRequest+Parameters.m */ = {isa = PBXFileReference; fileEncoding = 4; lastKnownFileType = sourcecode.c.objc; path = "NSMutableURLRequest+Parameters.m"; sourceTree = "<group>"; };
		E1FD047313054A630085B2AA /* NSString+URLEncoding.h */ = {isa = PBXFileReference; fileEncoding = 4; lastKnownFileType = sourcecode.c.h; path = "NSString+URLEncoding.h"; sourceTree = "<group>"; };
		E1FD047413054A630085B2AA /* NSString+URLEncoding.m */ = {isa = PBXFileReference; fileEncoding = 4; lastKnownFileType = sourcecode.c.objc; path = "NSString+URLEncoding.m"; sourceTree = "<group>"; };
		E1FD047513054A630085B2AA /* NSURL+Base.h */ = {isa = PBXFileReference; fileEncoding = 4; lastKnownFileType = sourcecode.c.h; path = "NSURL+Base.h"; sourceTree = "<group>"; };
		E1FD047613054A630085B2AA /* NSURL+Base.m */ = {isa = PBXFileReference; fileEncoding = 4; lastKnownFileType = sourcecode.c.objc; path = "NSURL+Base.m"; sourceTree = "<group>"; };
		E1FD047813054A630085B2AA /* Base64Transcoder.c */ = {isa = PBXFileReference; fileEncoding = 4; lastKnownFileType = sourcecode.c.c; path = Base64Transcoder.c; sourceTree = "<group>"; };
		E1FD047913054A630085B2AA /* Base64Transcoder.h */ = {isa = PBXFileReference; fileEncoding = 4; lastKnownFileType = sourcecode.c.h; path = Base64Transcoder.h; sourceTree = "<group>"; };
		E1FD047A13054A630085B2AA /* hmac.c */ = {isa = PBXFileReference; fileEncoding = 4; lastKnownFileType = sourcecode.c.c; path = hmac.c; sourceTree = "<group>"; };
		E1FD047B13054A630085B2AA /* hmac.h */ = {isa = PBXFileReference; fileEncoding = 4; lastKnownFileType = sourcecode.c.h; path = hmac.h; sourceTree = "<group>"; };
		E1FD047C13054A630085B2AA /* sha1.c */ = {isa = PBXFileReference; fileEncoding = 4; lastKnownFileType = sourcecode.c.c; path = sha1.c; sourceTree = "<group>"; };
		E1FD047D13054A630085B2AA /* sha1.h */ = {isa = PBXFileReference; fileEncoding = 4; lastKnownFileType = sourcecode.c.h; path = sha1.h; sourceTree = "<group>"; };
		E1FD047E13054A630085B2AA /* OACall.h */ = {isa = PBXFileReference; fileEncoding = 4; lastKnownFileType = sourcecode.c.h; path = OACall.h; sourceTree = "<group>"; };
		E1FD047F13054A630085B2AA /* OACall.m */ = {isa = PBXFileReference; fileEncoding = 4; lastKnownFileType = sourcecode.c.objc; path = OACall.m; sourceTree = "<group>"; };
		E1FD048013054A630085B2AA /* OAConsumer.h */ = {isa = PBXFileReference; fileEncoding = 4; lastKnownFileType = sourcecode.c.h; path = OAConsumer.h; sourceTree = "<group>"; };
		E1FD048113054A630085B2AA /* OAConsumer.m */ = {isa = PBXFileReference; fileEncoding = 4; lastKnownFileType = sourcecode.c.objc; path = OAConsumer.m; sourceTree = "<group>"; };
		E1FD048213054A630085B2AA /* OADataFetcher.h */ = {isa = PBXFileReference; fileEncoding = 4; lastKnownFileType = sourcecode.c.h; path = OADataFetcher.h; sourceTree = "<group>"; };
		E1FD048313054A630085B2AA /* OADataFetcher.m */ = {isa = PBXFileReference; fileEncoding = 4; lastKnownFileType = sourcecode.c.objc; path = OADataFetcher.m; sourceTree = "<group>"; };
		E1FD048413054A630085B2AA /* OAHMAC_SHA1SignatureProvider.h */ = {isa = PBXFileReference; fileEncoding = 4; lastKnownFileType = sourcecode.c.h; path = OAHMAC_SHA1SignatureProvider.h; sourceTree = "<group>"; };
		E1FD048513054A630085B2AA /* OAHMAC_SHA1SignatureProvider.m */ = {isa = PBXFileReference; fileEncoding = 4; lastKnownFileType = sourcecode.c.objc; path = OAHMAC_SHA1SignatureProvider.m; sourceTree = "<group>"; };
		E1FD048613054A630085B2AA /* OAMutableURLRequest.h */ = {isa = PBXFileReference; fileEncoding = 4; lastKnownFileType = sourcecode.c.h; path = OAMutableURLRequest.h; sourceTree = "<group>"; };
		E1FD048713054A630085B2AA /* OAMutableURLRequest.m */ = {isa = PBXFileReference; fileEncoding = 4; lastKnownFileType = sourcecode.c.objc; path = OAMutableURLRequest.m; sourceTree = "<group>"; };
		E1FD048813054A630085B2AA /* OAPlaintextSignatureProvider.h */ = {isa = PBXFileReference; fileEncoding = 4; lastKnownFileType = sourcecode.c.h; path = OAPlaintextSignatureProvider.h; sourceTree = "<group>"; };
		E1FD048913054A630085B2AA /* OAPlaintextSignatureProvider.m */ = {isa = PBXFileReference; fileEncoding = 4; lastKnownFileType = sourcecode.c.objc; path = OAPlaintextSignatureProvider.m; sourceTree = "<group>"; };
		E1FD048A13054A630085B2AA /* OAProblem.h */ = {isa = PBXFileReference; fileEncoding = 4; lastKnownFileType = sourcecode.c.h; path = OAProblem.h; sourceTree = "<group>"; };
		E1FD048B13054A630085B2AA /* OAProblem.m */ = {isa = PBXFileReference; fileEncoding = 4; lastKnownFileType = sourcecode.c.objc; path = OAProblem.m; sourceTree = "<group>"; };
		E1FD048C13054A630085B2AA /* OARequestParameter.h */ = {isa = PBXFileReference; fileEncoding = 4; lastKnownFileType = sourcecode.c.h; path = OARequestParameter.h; sourceTree = "<group>"; };
		E1FD048D13054A630085B2AA /* OARequestParameter.m */ = {isa = PBXFileReference; fileEncoding = 4; lastKnownFileType = sourcecode.c.objc; path = OARequestParameter.m; sourceTree = "<group>"; };
		E1FD048E13054A630085B2AA /* OAServiceTicket.h */ = {isa = PBXFileReference; fileEncoding = 4; lastKnownFileType = sourcecode.c.h; path = OAServiceTicket.h; sourceTree = "<group>"; };
		E1FD048F13054A630085B2AA /* OAServiceTicket.m */ = {isa = PBXFileReference; fileEncoding = 4; lastKnownFileType = sourcecode.c.objc; path = OAServiceTicket.m; sourceTree = "<group>"; };
		E1FD049013054A630085B2AA /* OASignatureProviding.h */ = {isa = PBXFileReference; fileEncoding = 4; lastKnownFileType = sourcecode.c.h; path = OASignatureProviding.h; sourceTree = "<group>"; };
		E1FD049113054A630085B2AA /* OATestServer.rb */ = {isa = PBXFileReference; fileEncoding = 4; lastKnownFileType = text.script.ruby; path = OATestServer.rb; sourceTree = "<group>"; };
		E1FD049213054A630085B2AA /* OAToken.h */ = {isa = PBXFileReference; fileEncoding = 4; lastKnownFileType = sourcecode.c.h; path = OAToken.h; sourceTree = "<group>"; };
		E1FD049313054A630085B2AA /* OAToken.m */ = {isa = PBXFileReference; fileEncoding = 4; lastKnownFileType = sourcecode.c.objc; path = OAToken.m; sourceTree = "<group>"; };
		E1FD049413054A630085B2AA /* OATokenManager.h */ = {isa = PBXFileReference; fileEncoding = 4; lastKnownFileType = sourcecode.c.h; path = OATokenManager.h; sourceTree = "<group>"; };
		E1FD049513054A630085B2AA /* OATokenManager.m */ = {isa = PBXFileReference; fileEncoding = 4; lastKnownFileType = sourcecode.c.objc; path = OATokenManager.m; sourceTree = "<group>"; };
		E1FD049613054A630085B2AA /* OAuthConsumer.h */ = {isa = PBXFileReference; fileEncoding = 4; lastKnownFileType = sourcecode.c.h; path = OAuthConsumer.h; sourceTree = "<group>"; };
		E1FD049713054A630085B2AA /* OAuthConsumer_Prefix.pch */ = {isa = PBXFileReference; fileEncoding = 4; lastKnownFileType = sourcecode.c.h; path = OAuthConsumer_Prefix.pch; sourceTree = "<group>"; };
		E1FD049813054A630085B2AA /* README */ = {isa = PBXFileReference; fileEncoding = 4; lastKnownFileType = text; path = README; sourceTree = "<group>"; };
		E1FD04AC13054DA80085B2AA /* twitterkey.m */ = {isa = PBXFileReference; fileEncoding = 4; lastKnownFileType = sourcecode.c.objc; path = twitterkey.m; sourceTree = "<group>"; };
/* End PBXFileReference section */

/* Begin PBXFrameworksBuildPhase section */
		E1FD03731305479B0085B2AA /* Frameworks */ = {
			isa = PBXFrameworksBuildPhase;
			buildActionMask = 2147483647;
			files = (
				E18DEAD11307E5B500CA4226 /* Security.framework in Frameworks */,
				E16337BA1307D8DA0051471A /* WebKit.framework in Frameworks */,
				E1E7581D130563160048344E /* AudioToolbox.framework in Frameworks */,
				E1FD037B1305479B0085B2AA /* Cocoa.framework in Frameworks */,
				E1E7581A130562DF0048344E /* libspotify.framework in Frameworks */,
			);
			runOnlyForDeploymentPostprocessing = 0;
		};
		E1FD03931305479C0085B2AA /* Frameworks */ = {
			isa = PBXFrameworksBuildPhase;
			buildActionMask = 2147483647;
			files = (
				E1FD03981305479C0085B2AA /* Cocoa.framework in Frameworks */,
			);
			runOnlyForDeploymentPostprocessing = 0;
		};
/* End PBXFrameworksBuildPhase section */

/* Begin PBXGroup section */
		E124C8F11305CB1F0097A72F /* Xibs */ = {
			isa = PBXGroup;
			children = (
				E1FD038F1305479C0085B2AA /* MainMenu.xib */,
				E124C8F21305CB510097A72F /* PPTrackView.xib */,
			);
			name = Xibs;
			sourceTree = "<group>";
		};
		E18DEA831307DFC300CA4226 /* HTML */ = {
			isa = PBXGroup;
			children = (
				E18DEAE413081A4E00CA4226 /* jquery.js */,
				E18DEAE513081A4E00CA4226 /* style.css */,
				E18DEAE613081A4E00CA4226 /* tweetwishtemplate.html */,
				E18DEA841307E08500CA4226 /* index.html */,
				E18DEAEB13081D9900CA4226 /* wishlist.js */,
			);
			path = HTML;
			sourceTree = SOURCE_ROOT;
		};
		E18DEA8E1307E59200CA4226 /* cocoahttpserver */ = {
			isa = PBXGroup;
			children = (
				E18DEA8F1307E59200CA4226 /* DDData.h */,
				E18DEA901307E59200CA4226 /* DDData.m */,
				E18DEA911307E59200CA4226 /* DDNumber.h */,
				E18DEA921307E59200CA4226 /* DDNumber.m */,
				E18DEA931307E59200CA4226 /* DDRange.h */,
				E18DEA941307E59200CA4226 /* DDRange.m */,
				E18DEA951307E59200CA4226 /* HTTPAsyncFileResponse.h */,
				E18DEA961307E59200CA4226 /* HTTPAsyncFileResponse.m */,
				E18DEA971307E59200CA4226 /* HTTPAuthenticationRequest.h */,
				E18DEA981307E59200CA4226 /* HTTPAuthenticationRequest.m */,
				E18DEA991307E59200CA4226 /* HTTPConnection.h */,
				E18DEA9A1307E59200CA4226 /* HTTPConnection.m */,
				E18DEA9B1307E59200CA4226 /* HTTPDataResponse.h */,
				E18DEA9C1307E59200CA4226 /* HTTPDataResponse.m */,
				E18DEA9D1307E59200CA4226 /* HTTPDynamicFileResponse.h */,
				E18DEA9E1307E59200CA4226 /* HTTPDynamicFileResponse.m */,
				E18DEA9F1307E59200CA4226 /* HTTPFileResponse.h */,
				E18DEAA01307E59200CA4226 /* HTTPFileResponse.m */,
				E18DEAA11307E59200CA4226 /* HTTPLogging.h */,
				E18DEAA21307E59200CA4226 /* HTTPMessage.h */,
				E18DEAA31307E59200CA4226 /* HTTPMessage.m */,
				E18DEAA41307E59200CA4226 /* HTTPRedirectResponse.h */,
				E18DEAA51307E59200CA4226 /* HTTPRedirectResponse.m */,
				E18DEAA61307E59200CA4226 /* HTTPResponse.h */,
				E18DEAA71307E59200CA4226 /* HTTPServer.h */,
				E18DEAA81307E59200CA4226 /* HTTPServer.m */,
				E18DEAA91307E59200CA4226 /* LICENSE.txt */,
				E18DEAAA1307E59200CA4226 /* Vendor */,
				E18DEAB91307E59200CA4226 /* WebSocket.h */,
				E18DEABA1307E59200CA4226 /* WebSocket.m */,
			);
			path = cocoahttpserver;
			sourceTree = "<group>";
		};
		E18DEAAA1307E59200CA4226 /* Vendor */ = {
			isa = PBXGroup;
			children = (
				E18DEAAB1307E59200CA4226 /* CocoaAsyncSocket */,
				E18DEAAF1307E59200CA4226 /* CocoaLumberjack */,
			);
			path = Vendor;
			sourceTree = "<group>";
		};
		E18DEAAB1307E59200CA4226 /* CocoaAsyncSocket */ = {
			isa = PBXGroup;
			children = (
				E18DEAAC1307E59200CA4226 /* About.txt */,
				E18DEAAD1307E59200CA4226 /* GCDAsyncSocket.h */,
				E18DEAAE1307E59200CA4226 /* GCDAsyncSocket.m */,
			);
			path = CocoaAsyncSocket;
			sourceTree = "<group>";
		};
		E18DEAAF1307E59200CA4226 /* CocoaLumberjack */ = {
			isa = PBXGroup;
			children = (
				E18DEAB01307E59200CA4226 /* About.txt */,
				E18DEAB11307E59200CA4226 /* DDASLLogger.h */,
				E18DEAB21307E59200CA4226 /* DDASLLogger.m */,
				E18DEAB31307E59200CA4226 /* DDFileLogger.h */,
				E18DEAB41307E59200CA4226 /* DDFileLogger.m */,
				E18DEAB51307E59200CA4226 /* DDLog.h */,
				E18DEAB61307E59200CA4226 /* DDLog.m */,
				E18DEAB71307E59200CA4226 /* DDTTYLogger.h */,
				E18DEAB81307E59200CA4226 /* DDTTYLogger.m */,
			);
			path = CocoaLumberjack;
			sourceTree = "<group>";
		};
		E1E75803130556A40048344E /* Views */ = {
			isa = PBXGroup;
			children = (
			);
			name = Views;
			sourceTree = "<group>";
		};
		E1E75805130556A70048344E /* Models */ = {
			isa = PBXGroup;
			children = (
				E1E75806130556F70048344E /* PPTwitterClient.h */,
				E1E75807130556F70048344E /* PPTwitterClient.m */,
				E1E75827130570E50048344E /* PPPlaylist.h */,
				E1E75828130570E50048344E /* PPPlaylist.m */,
				E1E7582B130570F70048344E /* PPPlaylistTrack.h */,
				E1E7582C130570F70048344E /* PPPlaylistTrack.m */,
				E1E7583B1305763F0048344E /* PPPlaylistUser.h */,
				E1E7583C130576400048344E /* PPPlaylistUser.m */,
				E124C8E413059F330097A72F /* PPSpotifyTweetParser.h */,
				E124C8E513059F330097A72F /* PPSpotifyTweetParser.m */,
				E1D029B61306FECF00874960 /* PPUserlist.h */,
				E1D029B71306FECF00874960 /* PPUserlist.m */,
				E18DEAD21307E60100CA4226 /* PPHTTPConnection.h */,
				E18DEAD31307E60100CA4226 /* PPHTTPConnection.m */,
			);
			name = Models;
			sourceTree = "<group>";
		};
		E1E75811130562DF0048344E /* libspotify */ = {
			isa = PBXGroup;
			children = (
				E1E75812130562DF0048344E /* appkey.c */,
				E1E75813130562DF0048344E /* audio.c */,
				E1E75814130562DF0048344E /* audio.h */,
				E1E75816130562DF0048344E /* osx-audio.c */,
				E1E75817130562DF0048344E /* queue.h */,
			);
			path = libspotify;
			sourceTree = "<group>";
		};
		E1E7581E130563350048344E /* Spotify */ = {
			isa = PBXGroup;
			children = (
				E18DEADB1307F56A00CA4226 /* PPSpotifySession.h */,
				E1E7581F1305661F0048344E /* PPSpotifySessionImpl.h */,
				E1E758201305661F0048344E /* PPSpotifySessionImpl.m */,
				E1E7582213056A590048344E /* PPSpotifyController.h */,
				E1E7582313056A590048344E /* PPSpotifyController.m */,
				E1E75838130576010048344E /* PPSpotifyTrack.h */,
				E1E75839130576010048344E /* PPSpotifyTrack.m */,
			);
			name = Spotify;
			sourceTree = "<group>";
		};
		E1E7582F1305711B0048344E /* Models */ = {
			isa = PBXGroup;
			children = (
				E124C8EA13059F690097A72F /* PPSpotifyTweetParserTests.m */,
				E1D029B31306FDF600874960 /* PPPlaylistTests.m */,
				E18DEAE01308102E00CA4226 /* PPPlaylistTrackTests.m */,
			);
			name = Models;
			sourceTree = "<group>";
		};
		E1FD036B1305479B0085B2AA = {
			isa = PBXGroup;
			children = (
				E1FD03AE1305483E0085B2AA /* ExternalCode */,
				E1FD03801305479B0085B2AA /* PPServer */,
				E1FD039B1305479C0085B2AA /* PPServerTests */,
				E1FD03791305479B0085B2AA /* Frameworks */,
				E1FD03771305479B0085B2AA /* Products */,
			);
			sourceTree = "<group>";
		};
		E1FD03771305479B0085B2AA /* Products */ = {
			isa = PBXGroup;
			children = (
				E1FD03761305479B0085B2AA /* PPServer.app */,
				E1FD03971305479C0085B2AA /* PPServerTests.octest */,
			);
			name = Products;
			sourceTree = "<group>";
		};
		E1FD03791305479B0085B2AA /* Frameworks */ = {
			isa = PBXGroup;
			children = (
				E18DEAD01307E5B500CA4226 /* Security.framework */,
				E16337B91307D8DA0051471A /* WebKit.framework */,
				E1E7581C130563160048344E /* AudioToolbox.framework */,
				E1E75815130562DF0048344E /* libspotify.framework */,
				E1FD037A1305479B0085B2AA /* Cocoa.framework */,
				E1FD037C1305479B0085B2AA /* Other Frameworks */,
			);
			name = Frameworks;
			sourceTree = "<group>";
		};
		E1FD037C1305479B0085B2AA /* Other Frameworks */ = {
			isa = PBXGroup;
			children = (
				E1FD037D1305479B0085B2AA /* AppKit.framework */,
				E1FD037E1305479B0085B2AA /* CoreData.framework */,
				E1FD037F1305479B0085B2AA /* Foundation.framework */,
			);
			name = "Other Frameworks";
			sourceTree = "<group>";
		};
		E1FD03801305479B0085B2AA /* PPServer */ = {
			isa = PBXGroup;
			children = (
				E18DEA831307DFC300CA4226 /* HTML */,
				E1E7581E130563350048344E /* Spotify */,
				E1E75805130556A70048344E /* Models */,
				E1E75803130556A40048344E /* Views */,
				E1FD04B71305564C0085B2AA /* Controllers */,
				E124C8F11305CB1F0097A72F /* Xibs */,
				E1FD038C1305479B0085B2AA /* PPServerAppDelegate.h */,
				E1FD038D1305479B0085B2AA /* PPServerAppDelegate.m */,
				E1FD04AC13054DA80085B2AA /* twitterkey.m */,
				E1FD03811305479B0085B2AA /* Supporting Files */,
			);
			path = PPServer;
			sourceTree = "<group>";
		};
		E1FD03811305479B0085B2AA /* Supporting Files */ = {
			isa = PBXGroup;
			children = (
				E1FD03821305479B0085B2AA /* PPServer-Info.plist */,
				E1FD03831305479B0085B2AA /* InfoPlist.strings */,
				E1FD03861305479B0085B2AA /* PPServer-Prefix.pch */,
				E1FD03871305479B0085B2AA /* main.m */,
				E1FD03891305479B0085B2AA /* Credits.rtf */,
			);
			name = "Supporting Files";
			sourceTree = "<group>";
		};
		E1FD039B1305479C0085B2AA /* PPServerTests */ = {
			isa = PBXGroup;
			children = (
				E1E7582F1305711B0048344E /* Models */,
				E1FD039C1305479C0085B2AA /* Supporting Files */,
			);
			path = PPServerTests;
			sourceTree = "<group>";
		};
		E1FD039C1305479C0085B2AA /* Supporting Files */ = {
			isa = PBXGroup;
			children = (
				E1FD039D1305479C0085B2AA /* PPServerTests-Info.plist */,
				E1FD039E1305479C0085B2AA /* InfoPlist.strings */,
				E1FD03A11305479C0085B2AA /* PPServerTests-Prefix.pch */,
			);
			name = "Supporting Files";
			sourceTree = "<group>";
		};
		E1FD03AE1305483E0085B2AA /* ExternalCode */ = {
			isa = PBXGroup;
			children = (
				E18DEA8E1307E59200CA4226 /* cocoahttpserver */,
				E1E75811130562DF0048344E /* libspotify */,
				E1FD046F13054A630085B2AA /* oauthconsumer */,
				E1FD043013054A410085B2AA /* TouchJSON */,
				E1FD03C01305483E0085B2AA /* MGTwitterEngine */,
			);
			name = ExternalCode;
			path = ../ExternalCode;
			sourceTree = "<group>";
		};
		E1FD03C01305483E0085B2AA /* MGTwitterEngine */ = {
			isa = PBXGroup;
			children = (
				E1FD03C11305483E0085B2AA /* MGTwitterEngine.h */,
				E1FD03C21305483E0085B2AA /* MGTwitterEngine.m */,
				E1FD03C31305483E0085B2AA /* MGTwitterEngine_Prefix.pch */,
				E1FD03C41305483E0085B2AA /* MGTwitterEngineDelegate.h */,
				E1FD03C51305483E0085B2AA /* MGTwitterEngineGlobalHeader.h */,
				E1FD03C61305483E0085B2AA /* MGTwitterHTTPURLConnection.h */,
				E1FD03C71305483E0085B2AA /* MGTwitterHTTPURLConnection.m */,
				E1FD03CC1305483E0085B2AA /* MGTwitterMessagesParser.h */,
				E1FD03CD1305483E0085B2AA /* MGTwitterMessagesParser.m */,
				E1FD03D21305483E0085B2AA /* MGTwitterMiscParser.h */,
				E1FD03D31305483E0085B2AA /* MGTwitterMiscParser.m */,
				E1FD03D61305483E0085B2AA /* MGTwitterParserDelegate.h */,
				E1FD03D71305483E0085B2AA /* MGTwitterRequestTypes.h */,
				E1FD03DC1305483E0085B2AA /* MGTwitterSocialGraphParser.h */,
				E1FD03DD1305483E0085B2AA /* MGTwitterSocialGraphParser.m */,
				E1FD03E01305483E0085B2AA /* MGTwitterStatusesParser.h */,
				E1FD03E11305483E0085B2AA /* MGTwitterStatusesParser.m */,
				E1FD03E41305483E0085B2AA /* MGTwitterTouchJSONParser.h */,
				E1FD03E51305483E0085B2AA /* MGTwitterTouchJSONParser.m */,
				E1FD03E61305483E0085B2AA /* MGTwitterUserListsParser.h */,
				E1FD03E71305483E0085B2AA /* MGTwitterUserListsParser.m */,
				E1FD03EA1305483E0085B2AA /* MGTwitterUsersParser.h */,
				E1FD03EB1305483E0085B2AA /* MGTwitterUsersParser.m */,
				E1FD03EE1305483E0085B2AA /* MGTwitterXMLParser.h */,
				E1FD03EF1305483E0085B2AA /* MGTwitterXMLParser.m */,
				E1FD03F21305483E0085B2AA /* NSData+Base64.h */,
				E1FD03F31305483E0085B2AA /* NSData+Base64.m */,
				E1FD03F41305483E0085B2AA /* NSString+UUID.h */,
				E1FD03F51305483E0085B2AA /* NSString+UUID.m */,
			);
			path = MGTwitterEngine;
			sourceTree = "<group>";
		};
		E1FD043013054A410085B2AA /* TouchJSON */ = {
			isa = PBXGroup;
			children = (
				E1FD043113054A410085B2AA /* CDataScanner.h */,
				E1FD043213054A410085B2AA /* CDataScanner.m */,
				E1FD043313054A410085B2AA /* Extensions */,
				E1FD043C13054A410085B2AA /* JSON */,
			);
			path = TouchJSON;
			sourceTree = "<group>";
		};
		E1FD043313054A410085B2AA /* Extensions */ = {
			isa = PBXGroup;
			children = (
				E1FD043413054A410085B2AA /* CDataScanner_Extensions.h */,
				E1FD043513054A410085B2AA /* CDataScanner_Extensions.m */,
				E1FD043613054A410085B2AA /* NSCharacterSet_Extensions.h */,
				E1FD043713054A410085B2AA /* NSCharacterSet_Extensions.m */,
				E1FD043813054A410085B2AA /* NSDictionary_JSONExtensions.h */,
				E1FD043913054A410085B2AA /* NSDictionary_JSONExtensions.m */,
				E1FD043A13054A410085B2AA /* NSScanner_Extensions.h */,
				E1FD043B13054A410085B2AA /* NSScanner_Extensions.m */,
			);
			path = Extensions;
			sourceTree = "<group>";
		};
		E1FD043C13054A410085B2AA /* JSON */ = {
			isa = PBXGroup;
			children = (
				E1FD043D13054A410085B2AA /* CJSONDeserializer.h */,
				E1FD043E13054A410085B2AA /* CJSONDeserializer.m */,
				E1FD043F13054A410085B2AA /* CJSONScanner.h */,
				E1FD044013054A410085B2AA /* CJSONScanner.m */,
				E1FD044113054A410085B2AA /* CJSONSerializer.h */,
				E1FD044213054A410085B2AA /* CJSONSerializer.m */,
				E1FD044313054A410085B2AA /* JSONRepresentation.h */,
			);
			path = JSON;
			sourceTree = "<group>";
		};
		E1FD046F13054A630085B2AA /* oauthconsumer */ = {
			isa = PBXGroup;
			children = (
				E1FD047013054A630085B2AA /* Categories */,
				E1FD047713054A630085B2AA /* Crypto */,
				E1FD047E13054A630085B2AA /* OACall.h */,
				E1FD047F13054A630085B2AA /* OACall.m */,
				E1FD048013054A630085B2AA /* OAConsumer.h */,
				E1FD048113054A630085B2AA /* OAConsumer.m */,
				E1FD048213054A630085B2AA /* OADataFetcher.h */,
				E1FD048313054A630085B2AA /* OADataFetcher.m */,
				E1FD048413054A630085B2AA /* OAHMAC_SHA1SignatureProvider.h */,
				E1FD048513054A630085B2AA /* OAHMAC_SHA1SignatureProvider.m */,
				E1FD048613054A630085B2AA /* OAMutableURLRequest.h */,
				E1FD048713054A630085B2AA /* OAMutableURLRequest.m */,
				E1FD048813054A630085B2AA /* OAPlaintextSignatureProvider.h */,
				E1FD048913054A630085B2AA /* OAPlaintextSignatureProvider.m */,
				E1FD048A13054A630085B2AA /* OAProblem.h */,
				E1FD048B13054A630085B2AA /* OAProblem.m */,
				E1FD048C13054A630085B2AA /* OARequestParameter.h */,
				E1FD048D13054A630085B2AA /* OARequestParameter.m */,
				E1FD048E13054A630085B2AA /* OAServiceTicket.h */,
				E1FD048F13054A630085B2AA /* OAServiceTicket.m */,
				E1FD049013054A630085B2AA /* OASignatureProviding.h */,
				E1FD049113054A630085B2AA /* OATestServer.rb */,
				E1FD049213054A630085B2AA /* OAToken.h */,
				E1FD049313054A630085B2AA /* OAToken.m */,
				E1FD049413054A630085B2AA /* OATokenManager.h */,
				E1FD049513054A630085B2AA /* OATokenManager.m */,
				E1FD049613054A630085B2AA /* OAuthConsumer.h */,
				E1FD049713054A630085B2AA /* OAuthConsumer_Prefix.pch */,
				E1FD049813054A630085B2AA /* README */,
			);
			path = oauthconsumer;
			sourceTree = "<group>";
		};
		E1FD047013054A630085B2AA /* Categories */ = {
			isa = PBXGroup;
			children = (
				E1FD047113054A630085B2AA /* NSMutableURLRequest+Parameters.h */,
				E1FD047213054A630085B2AA /* NSMutableURLRequest+Parameters.m */,
				E1FD047313054A630085B2AA /* NSString+URLEncoding.h */,
				E1FD047413054A630085B2AA /* NSString+URLEncoding.m */,
				E1FD047513054A630085B2AA /* NSURL+Base.h */,
				E1FD047613054A630085B2AA /* NSURL+Base.m */,
			);
			path = Categories;
			sourceTree = "<group>";
		};
		E1FD047713054A630085B2AA /* Crypto */ = {
			isa = PBXGroup;
			children = (
				E1FD047813054A630085B2AA /* Base64Transcoder.c */,
				E1FD047913054A630085B2AA /* Base64Transcoder.h */,
				E1FD047A13054A630085B2AA /* hmac.c */,
				E1FD047B13054A630085B2AA /* hmac.h */,
				E1FD047C13054A630085B2AA /* sha1.c */,
				E1FD047D13054A630085B2AA /* sha1.h */,
			);
			path = Crypto;
			sourceTree = "<group>";
		};
		E1FD04B71305564C0085B2AA /* Controllers */ = {
			isa = PBXGroup;
			children = (
				E1E75833130573960048344E /* PPPlaylistViewController.h */,
				E1E75834130573960048344E /* PPPlaylistViewController.m */,
				E124C8EC1305CA160097A72F /* PPPlayingViewController.h */,
				E124C8ED1305CA160097A72F /* PPPlayingViewController.m */,
				E18DEAD81307E6B200CA4226 /* PPHTTPServerController.h */,
				E18DEAD91307E6B200CA4226 /* PPHTTPServerController.m */,
			);
			name = Controllers;
			sourceTree = "<group>";
		};
/* End PBXGroup section */

/* Begin PBXNativeTarget section */
		E1FD03751305479B0085B2AA /* PPServer */ = {
			isa = PBXNativeTarget;
			buildConfigurationList = E1FD03A81305479C0085B2AA /* Build configuration list for PBXNativeTarget "PPServer" */;
			buildPhases = (
				E1FD03721305479B0085B2AA /* Sources */,
				E1FD03731305479B0085B2AA /* Frameworks */,
				E1FD03741305479B0085B2AA /* Resources */,
				E1E7582513056DB20048344E /* CopyFiles */,
			);
			buildRules = (
			);
			dependencies = (
			);
			name = PPServer;
			productName = PPServer;
			productReference = E1FD03761305479B0085B2AA /* PPServer.app */;
			productType = "com.apple.product-type.application";
		};
		E1FD03961305479C0085B2AA /* PPServerTests */ = {
			isa = PBXNativeTarget;
			buildConfigurationList = E1FD03AB1305479C0085B2AA /* Build configuration list for PBXNativeTarget "PPServerTests" */;
			buildPhases = (
				E1FD03921305479C0085B2AA /* Sources */,
				E1FD03931305479C0085B2AA /* Frameworks */,
				E1FD03941305479C0085B2AA /* Resources */,
				E1FD03951305479C0085B2AA /* ShellScript */,
			);
			buildRules = (
			);
			dependencies = (
				E1FD039A1305479C0085B2AA /* PBXTargetDependency */,
			);
			name = PPServerTests;
			productName = PPServerTests;
			productReference = E1FD03971305479C0085B2AA /* PPServerTests.octest */;
			productType = "com.apple.product-type.bundle";
		};
/* End PBXNativeTarget section */

/* Begin PBXProject section */
		E1FD036D1305479B0085B2AA /* Project object */ = {
			isa = PBXProject;
			attributes = {
				ORGANIZATIONNAME = "rhoglund coding";
			};
			buildConfigurationList = E1FD03701305479B0085B2AA /* Build configuration list for PBXProject "PPServer" */;
			compatibilityVersion = "Xcode 3.2";
			developmentRegion = English;
			hasScannedForEncodings = 0;
			knownRegions = (
				en,
			);
			mainGroup = E1FD036B1305479B0085B2AA;
			productRefGroup = E1FD03771305479B0085B2AA /* Products */;
			projectDirPath = "";
			projectRoot = "";
			targets = (
				E1FD03751305479B0085B2AA /* PPServer */,
				E1FD03961305479C0085B2AA /* PPServerTests */,
			);
		};
/* End PBXProject section */

/* Begin PBXResourcesBuildPhase section */
		E1FD03741305479B0085B2AA /* Resources */ = {
			isa = PBXResourcesBuildPhase;
			buildActionMask = 2147483647;
			files = (
				E18DEAEA13081A7500CA4226 /* jquery.js in Resources */,
				E1FD03851305479B0085B2AA /* InfoPlist.strings in Resources */,
				E1FD038B1305479B0085B2AA /* Credits.rtf in Resources */,
				E1FD03911305479C0085B2AA /* MainMenu.xib in Resources */,
				E18DEAED13081DA500CA4226 /* wishlist.js in Resources */,
				E1FD04A813054A630085B2AA /* OATestServer.rb in Resources */,
				E1FD04AB13054A630085B2AA /* README in Resources */,
				E124C8F31305CB510097A72F /* PPTrackView.xib in Resources */,
				E18DEA851307E08500CA4226 /* index.html in Resources */,
				E18DEAC71307E59200CA4226 /* LICENSE.txt in Resources */,
				E18DEAC81307E59200CA4226 /* About.txt in Resources */,
				E18DEACA1307E59200CA4226 /* About.txt in Resources */,
				E18DEAE813081A4E00CA4226 /* style.css in Resources */,
				E18DEAE913081A4E00CA4226 /* tweetwishtemplate.html in Resources */,
			);
			runOnlyForDeploymentPostprocessing = 0;
		};
		E1FD03941305479C0085B2AA /* Resources */ = {
			isa = PBXResourcesBuildPhase;
			buildActionMask = 2147483647;
			files = (
				E1FD03A01305479C0085B2AA /* InfoPlist.strings in Resources */,
			);
			runOnlyForDeploymentPostprocessing = 0;
		};
/* End PBXResourcesBuildPhase section */

/* Begin PBXShellScriptBuildPhase section */
		E1FD03951305479C0085B2AA /* ShellScript */ = {
			isa = PBXShellScriptBuildPhase;
			buildActionMask = 2147483647;
			files = (
			);
			inputPaths = (
			);
			outputPaths = (
			);
			runOnlyForDeploymentPostprocessing = 0;
			shellPath = /bin/sh;
			shellScript = "# Run the unit tests in this test bundle.\n\"${SYSTEM_DEVELOPER_DIR}/Tools/RunUnitTests\"\n";
		};
/* End PBXShellScriptBuildPhase section */

/* Begin PBXSourcesBuildPhase section */
		E1FD03721305479B0085B2AA /* Sources */ = {
			isa = PBXSourcesBuildPhase;
			buildActionMask = 2147483647;
			files = (
				E1FD03881305479B0085B2AA /* main.m in Sources */,
				E1FD038E1305479B0085B2AA /* PPServerAppDelegate.m in Sources */,
				E1FD04101305483E0085B2AA /* MGTwitterEngine.m in Sources */,
				E1FD04111305483E0085B2AA /* MGTwitterHTTPURLConnection.m in Sources */,
				E1FD04141305483E0085B2AA /* MGTwitterMessagesParser.m in Sources */,
				E1FD04171305483E0085B2AA /* MGTwitterMiscParser.m in Sources */,
				E1FD041B1305483E0085B2AA /* MGTwitterSocialGraphParser.m in Sources */,
				E1FD041D1305483E0085B2AA /* MGTwitterStatusesParser.m in Sources */,
				E1FD041F1305483E0085B2AA /* MGTwitterTouchJSONParser.m in Sources */,
				E1FD04201305483E0085B2AA /* MGTwitterUserListsParser.m in Sources */,
				E1FD04221305483E0085B2AA /* MGTwitterUsersParser.m in Sources */,
				E1FD04241305483E0085B2AA /* MGTwitterXMLParser.m in Sources */,
				E1FD04261305483E0085B2AA /* NSData+Base64.m in Sources */,
				E1FD04271305483E0085B2AA /* NSString+UUID.m in Sources */,
				E1FD044413054A410085B2AA /* CDataScanner.m in Sources */,
				E1FD044513054A410085B2AA /* CDataScanner_Extensions.m in Sources */,
				E1FD044613054A410085B2AA /* NSCharacterSet_Extensions.m in Sources */,
				E1FD044713054A410085B2AA /* NSDictionary_JSONExtensions.m in Sources */,
				E1FD044813054A410085B2AA /* NSScanner_Extensions.m in Sources */,
				E1FD044913054A410085B2AA /* CJSONDeserializer.m in Sources */,
				E1FD044A13054A410085B2AA /* CJSONScanner.m in Sources */,
				E1FD044B13054A410085B2AA /* CJSONSerializer.m in Sources */,
				E1FD049913054A630085B2AA /* NSMutableURLRequest+Parameters.m in Sources */,
				E1FD049A13054A630085B2AA /* NSString+URLEncoding.m in Sources */,
				E1FD049B13054A630085B2AA /* NSURL+Base.m in Sources */,
				E1FD049C13054A630085B2AA /* Base64Transcoder.c in Sources */,
				E1FD049D13054A630085B2AA /* hmac.c in Sources */,
				E1FD049E13054A630085B2AA /* sha1.c in Sources */,
				E1FD049F13054A630085B2AA /* OACall.m in Sources */,
				E1FD04A013054A630085B2AA /* OAConsumer.m in Sources */,
				E1FD04A113054A630085B2AA /* OADataFetcher.m in Sources */,
				E1FD04A213054A630085B2AA /* OAHMAC_SHA1SignatureProvider.m in Sources */,
				E1FD04A313054A630085B2AA /* OAMutableURLRequest.m in Sources */,
				E1FD04A413054A630085B2AA /* OAPlaintextSignatureProvider.m in Sources */,
				E1FD04A513054A630085B2AA /* OAProblem.m in Sources */,
				E1FD04A613054A630085B2AA /* OARequestParameter.m in Sources */,
				E1FD04A713054A630085B2AA /* OAServiceTicket.m in Sources */,
				E1FD04A913054A630085B2AA /* OAToken.m in Sources */,
				E1FD04AA13054A630085B2AA /* OATokenManager.m in Sources */,
				E1FD04AE13054DA80085B2AA /* twitterkey.m in Sources */,
				E1E75808130556F70048344E /* PPTwitterClient.m in Sources */,
				E1E75818130562DF0048344E /* appkey.c in Sources */,
				E1E75819130562DF0048344E /* audio.c in Sources */,
				E1E7581B130562DF0048344E /* osx-audio.c in Sources */,
				E1E758211305661F0048344E /* PPSpotifySessionImpl.m in Sources */,
				E1E7582413056A5A0048344E /* PPSpotifyController.m in Sources */,
				E1E75829130570E50048344E /* PPPlaylist.m in Sources */,
				E1E7582D130570F70048344E /* PPPlaylistTrack.m in Sources */,
				E1E75836130573960048344E /* PPPlaylistViewController.m in Sources */,
				E1E7583A130576030048344E /* PPSpotifyTrack.m in Sources */,
				E1E7583D130576430048344E /* PPPlaylistUser.m in Sources */,
				E124C8E613059F340097A72F /* PPSpotifyTweetParser.m in Sources */,
				E124C8EF1305CA160097A72F /* PPPlayingViewController.m in Sources */,
				E1D029B81306FED000874960 /* PPUserlist.m in Sources */,
				E18DEABB1307E59200CA4226 /* DDData.m in Sources */,
				E18DEABC1307E59200CA4226 /* DDNumber.m in Sources */,
				E18DEABD1307E59200CA4226 /* DDRange.m in Sources */,
				E18DEABE1307E59200CA4226 /* HTTPAsyncFileResponse.m in Sources */,
				E18DEABF1307E59200CA4226 /* HTTPAuthenticationRequest.m in Sources */,
				E18DEAC01307E59200CA4226 /* HTTPConnection.m in Sources */,
				E18DEAC11307E59200CA4226 /* HTTPDataResponse.m in Sources */,
				E18DEAC21307E59200CA4226 /* HTTPDynamicFileResponse.m in Sources */,
				E18DEAC31307E59200CA4226 /* HTTPFileResponse.m in Sources */,
				E18DEAC41307E59200CA4226 /* HTTPMessage.m in Sources */,
				E18DEAC51307E59200CA4226 /* HTTPRedirectResponse.m in Sources */,
				E18DEAC61307E59200CA4226 /* HTTPServer.m in Sources */,
				E18DEAC91307E59200CA4226 /* GCDAsyncSocket.m in Sources */,
				E18DEACB1307E59200CA4226 /* DDASLLogger.m in Sources */,
				E18DEACC1307E59200CA4226 /* DDFileLogger.m in Sources */,
				E18DEACD1307E59200CA4226 /* DDLog.m in Sources */,
				E18DEACE1307E59200CA4226 /* DDTTYLogger.m in Sources */,
				E18DEACF1307E59200CA4226 /* WebSocket.m in Sources */,
				E18DEAD41307E60100CA4226 /* PPHTTPConnection.m in Sources */,
				E18DEADA1307E6B200CA4226 /* PPHTTPServerController.m in Sources */,
			);
			runOnlyForDeploymentPostprocessing = 0;
		};
		E1FD03921305479C0085B2AA /* Sources */ = {
			isa = PBXSourcesBuildPhase;
			buildActionMask = 2147483647;
			files = (
				E18DEAE3130814F400CA4226 /* DDLog.m in Sources */,
				E18DEAE2130811C600CA4226 /* PPPlaylistUser.m in Sources */,
				E18DEADE13080D7800CA4226 /* PPPlaylistTrack.m in Sources */,
				E18DEADD13080D6F00CA4226 /* PPSpotifyTrack.m in Sources */,
				E124C8E713059F340097A72F /* PPSpotifyTweetParser.m in Sources */,
				E124C8EB13059F690097A72F /* PPSpotifyTweetParserTests.m in Sources */,
				E18DEADC130800B500CA4226 /* PPPlaylist.m in Sources */,
				E1D029B41306FDF600874960 /* PPPlaylistTests.m in Sources */,
				E18DEAE11308102F00CA4226 /* PPPlaylistTrackTests.m in Sources */,
			);
			runOnlyForDeploymentPostprocessing = 0;
		};
/* End PBXSourcesBuildPhase section */

/* Begin PBXTargetDependency section */
		E1FD039A1305479C0085B2AA /* PBXTargetDependency */ = {
			isa = PBXTargetDependency;
			target = E1FD03751305479B0085B2AA /* PPServer */;
			targetProxy = E1FD03991305479C0085B2AA /* PBXContainerItemProxy */;
		};
/* End PBXTargetDependency section */

/* Begin PBXVariantGroup section */
		E1FD03831305479B0085B2AA /* InfoPlist.strings */ = {
			isa = PBXVariantGroup;
			children = (
				E1FD03841305479B0085B2AA /* en */,
			);
			name = InfoPlist.strings;
			sourceTree = "<group>";
		};
		E1FD03891305479B0085B2AA /* Credits.rtf */ = {
			isa = PBXVariantGroup;
			children = (
				E1FD038A1305479B0085B2AA /* en */,
			);
			name = Credits.rtf;
			sourceTree = "<group>";
		};
		E1FD038F1305479C0085B2AA /* MainMenu.xib */ = {
			isa = PBXVariantGroup;
			children = (
				E1FD03901305479C0085B2AA /* en */,
			);
			name = MainMenu.xib;
			sourceTree = "<group>";
		};
		E1FD039E1305479C0085B2AA /* InfoPlist.strings */ = {
			isa = PBXVariantGroup;
			children = (
				E1FD039F1305479C0085B2AA /* en */,
			);
			name = InfoPlist.strings;
			sourceTree = "<group>";
		};
/* End PBXVariantGroup section */

/* Begin XCBuildConfiguration section */
		E1FD03A61305479C0085B2AA /* Debug */ = {
			isa = XCBuildConfiguration;
			buildSettings = {
				ARCHS = "$(ARCHS_STANDARD_32_64_BIT)";
				GCC_C_LANGUAGE_STANDARD = gnu99;
				GCC_OPTIMIZATION_LEVEL = 0;
				GCC_PREPROCESSOR_DEFINITIONS = DEBUG;
				GCC_VERSION = com.apple.compilers.llvm.clang.1_0;
				GCC_WARN_64_TO_32_BIT_CONVERSION = YES;
				GCC_WARN_ABOUT_RETURN_TYPE = YES;
				GCC_WARN_UNUSED_VARIABLE = YES;
				MACOSX_DEPLOYMENT_TARGET = 10.6;
				ONLY_ACTIVE_ARCH = YES;
				SDKROOT = macosx;
			};
			name = Debug;
		};
		E1FD03A71305479C0085B2AA /* Release */ = {
			isa = XCBuildConfiguration;
			buildSettings = {
				ARCHS = "$(ARCHS_STANDARD_32_64_BIT)";
				GCC_C_LANGUAGE_STANDARD = gnu99;
				GCC_VERSION = com.apple.compilers.llvm.clang.1_0;
				GCC_WARN_64_TO_32_BIT_CONVERSION = YES;
				GCC_WARN_ABOUT_RETURN_TYPE = YES;
				GCC_WARN_UNUSED_VARIABLE = YES;
				MACOSX_DEPLOYMENT_TARGET = 10.6;
				SDKROOT = macosx;
			};
			name = Release;
		};
		E1FD03A91305479C0085B2AA /* Debug */ = {
			isa = XCBuildConfiguration;
			buildSettings = {
				ALWAYS_SEARCH_USER_PATHS = NO;
				COPY_PHASE_STRIP = NO;
				FRAMEWORK_SEARCH_PATHS = (
					"$(inherited)",
					"\"$(SRCROOT)/../ExternalCode/libspotify\"",
				);
				GCC_DYNAMIC_NO_PIC = NO;
				GCC_ENABLE_OBJC_EXCEPTIONS = YES;
				GCC_PRECOMPILE_PREFIX_HEADER = YES;
				GCC_PREFIX_HEADER = "PPServer/PPServer-Prefix.pch";
				INFOPLIST_FILE = "PPServer/PPServer-Info.plist";
				PRODUCT_NAME = "$(TARGET_NAME)";
				WRAPPER_EXTENSION = app;
			};
			name = Debug;
		};
		E1FD03AA1305479C0085B2AA /* Release */ = {
			isa = XCBuildConfiguration;
			buildSettings = {
				ALWAYS_SEARCH_USER_PATHS = NO;
				COPY_PHASE_STRIP = YES;
				DEBUG_INFORMATION_FORMAT = "dwarf-with-dsym";
				FRAMEWORK_SEARCH_PATHS = (
					"$(inherited)",
					"\"$(SRCROOT)/../ExternalCode/libspotify\"",
				);
				GCC_ENABLE_OBJC_EXCEPTIONS = YES;
				GCC_PRECOMPILE_PREFIX_HEADER = YES;
				GCC_PREFIX_HEADER = "PPServer/PPServer-Prefix.pch";
				INFOPLIST_FILE = "PPServer/PPServer-Info.plist";
				PRODUCT_NAME = "$(TARGET_NAME)";
				WRAPPER_EXTENSION = app;
			};
			name = Release;
		};
		E1FD03AC1305479C0085B2AA /* Debug */ = {
			isa = XCBuildConfiguration;
			buildSettings = {
				ALWAYS_SEARCH_USER_PATHS = NO;
				BUNDLE_LOADER = "$(BUILT_PRODUCTS_DIR)/PPServer.app/Contents/MacOS/PPServer";
				COPY_PHASE_STRIP = NO;
				FRAMEWORK_SEARCH_PATHS = "$(DEVELOPER_LIBRARY_DIR)/Frameworks";
				GCC_DYNAMIC_NO_PIC = NO;
				GCC_ENABLE_OBJC_EXCEPTIONS = YES;
				GCC_PRECOMPILE_PREFIX_HEADER = YES;
				GCC_PREFIX_HEADER = "PPServerTests/PPServerTests-Prefix.pch";
				INFOPLIST_FILE = "PPServerTests/PPServerTests-Info.plist";
				INSTALL_PATH = "$(USER_LIBRARY_DIR)/Bundles";
				OTHER_LDFLAGS = (
					"-framework",
					SenTestingKit,
				);
				PRODUCT_NAME = "$(TARGET_NAME)";
				TEST_HOST = "$(BUNDLE_LOADER)";
				WRAPPER_EXTENSION = octest;
			};
			name = Debug;
		};
		E1FD03AD1305479C0085B2AA /* Release */ = {
			isa = XCBuildConfiguration;
			buildSettings = {
				ALWAYS_SEARCH_USER_PATHS = NO;
				BUNDLE_LOADER = "$(BUILT_PRODUCTS_DIR)/PPServer.app/Contents/MacOS/PPServer";
				COPY_PHASE_STRIP = YES;
				DEBUG_INFORMATION_FORMAT = "dwarf-with-dsym";
				FRAMEWORK_SEARCH_PATHS = "$(DEVELOPER_LIBRARY_DIR)/Frameworks";
				GCC_ENABLE_OBJC_EXCEPTIONS = YES;
				GCC_PRECOMPILE_PREFIX_HEADER = YES;
				GCC_PREFIX_HEADER = "PPServerTests/PPServerTests-Prefix.pch";
				INFOPLIST_FILE = "PPServerTests/PPServerTests-Info.plist";
				INSTALL_PATH = "$(USER_LIBRARY_DIR)/Bundles";
				OTHER_LDFLAGS = (
					"-framework",
					SenTestingKit,
				);
				PRODUCT_NAME = "$(TARGET_NAME)";
				TEST_HOST = "$(BUNDLE_LOADER)";
				WRAPPER_EXTENSION = octest;
			};
			name = Release;
		};
/* End XCBuildConfiguration section */

/* Begin XCConfigurationList section */
		E1FD03701305479B0085B2AA /* Build configuration list for PBXProject "PPServer" */ = {
			isa = XCConfigurationList;
			buildConfigurations = (
				E1FD03A61305479C0085B2AA /* Debug */,
				E1FD03A71305479C0085B2AA /* Release */,
			);
			defaultConfigurationIsVisible = 0;
			defaultConfigurationName = Release;
		};
		E1FD03A81305479C0085B2AA /* Build configuration list for PBXNativeTarget "PPServer" */ = {
			isa = XCConfigurationList;
			buildConfigurations = (
				E1FD03A91305479C0085B2AA /* Debug */,
				E1FD03AA1305479C0085B2AA /* Release */,
			);
			defaultConfigurationIsVisible = 0;
			defaultConfigurationName = Release;
		};
		E1FD03AB1305479C0085B2AA /* Build configuration list for PBXNativeTarget "PPServerTests" */ = {
			isa = XCConfigurationList;
			buildConfigurations = (
				E1FD03AC1305479C0085B2AA /* Debug */,
				E1FD03AD1305479C0085B2AA /* Release */,
			);
			defaultConfigurationIsVisible = 0;
			defaultConfigurationName = Release;
		};
/* End XCConfigurationList section */
	};
	rootObject = E1FD036D1305479B0085B2AA /* Project object */;
}
