// !$*UTF8*$!
{
	archiveVersion = 1;
	classes = {
	};
	objectVersion = 46;
	objects = {

/* Begin PBXBuildFile section */
		E115067C130E462F0024B913 /* star-selected.png in Resources */ = {isa = PBXBuildFile; fileRef = E115067A130E462F0024B913 /* star-selected.png */; };
		E115067D130E462F0024B913 /* star-unselected.png in Resources */ = {isa = PBXBuildFile; fileRef = E115067B130E462F0024B913 /* star-unselected.png */; };
		E11CADF3130C19A600BDEC69 /* PPChoosePlaylistController.m in Sources */ = {isa = PBXBuildFile; fileRef = E11CADF1130C19A400BDEC69 /* PPChoosePlaylistController.m */; };
		E11CADF4130C19A600BDEC69 /* PPChoosePlaylistController.xib in Resources */ = {isa = PBXBuildFile; fileRef = E11CADF2130C19A500BDEC69 /* PPChoosePlaylistController.xib */; };
		E11CADF7130C1B4900BDEC69 /* UIViewController+PPModal.m in Sources */ = {isa = PBXBuildFile; fileRef = E11CADF6130C1B4700BDEC69 /* UIViewController+PPModal.m */; };
		E12925A9130DAB91007A1F3B /* PPTrackRequestController.m in Sources */ = {isa = PBXBuildFile; fileRef = E12925A7130DAB8C007A1F3B /* PPTrackRequestController.m */; };
		E12925AA130DAB91007A1F3B /* PPTrackRequestController.xib in Resources */ = {isa = PBXBuildFile; fileRef = E12925A8130DAB8E007A1F3B /* PPTrackRequestController.xib */; };
		E12925FC130DB914007A1F3B /* PPClient.xcdatamodeld in Sources */ = {isa = PBXBuildFile; fileRef = E12925FA130DB911007A1F3B /* PPClient.xcdatamodeld */; };
		E1292602130DBA27007A1F3B /* PPCoreDataStack.m in Sources */ = {isa = PBXBuildFile; fileRef = E1292601130DBA26007A1F3B /* PPCoreDataStack.m */; };
		E1292606130DBB8D007A1F3B /* _Track.m in Sources */ = {isa = PBXBuildFile; fileRef = E1292605130DBB8D007A1F3B /* _Track.m */; };
		E1292609130DBB97007A1F3B /* Track.m in Sources */ = {isa = PBXBuildFile; fileRef = E1292608130DBB97007A1F3B /* Track.m */; };
		E129260B130DBBB8007A1F3B /* CoreData.framework in Frameworks */ = {isa = PBXBuildFile; fileRef = E129260A130DBBB8007A1F3B /* CoreData.framework */; };
		E1A631C51304548400EFF8E5 /* UIKit.framework in Frameworks */ = {isa = PBXBuildFile; fileRef = E1A631C41304548400EFF8E5 /* UIKit.framework */; };
		E1A631C71304548400EFF8E5 /* Foundation.framework in Frameworks */ = {isa = PBXBuildFile; fileRef = E1A631C61304548400EFF8E5 /* Foundation.framework */; };
		E1A631C91304548400EFF8E5 /* CoreGraphics.framework in Frameworks */ = {isa = PBXBuildFile; fileRef = E1A631C81304548400EFF8E5 /* CoreGraphics.framework */; };
		E1A631CF1304548400EFF8E5 /* InfoPlist.strings in Resources */ = {isa = PBXBuildFile; fileRef = E1A631CD1304548400EFF8E5 /* InfoPlist.strings */; };
		E1A631D21304548400EFF8E5 /* main.m in Sources */ = {isa = PBXBuildFile; fileRef = E1A631D11304548400EFF8E5 /* main.m */; };
		E1A631D51304548400EFF8E5 /* PPClientAppDelegate.m in Sources */ = {isa = PBXBuildFile; fileRef = E1A631D41304548400EFF8E5 /* PPClientAppDelegate.m */; };
		E1A631D81304548400EFF8E5 /* MainWindow.xib in Resources */ = {isa = PBXBuildFile; fileRef = E1A631D61304548400EFF8E5 /* MainWindow.xib */; };
		E1A631EB1304548400EFF8E5 /* UIKit.framework in Frameworks */ = {isa = PBXBuildFile; fileRef = E1A631C41304548400EFF8E5 /* UIKit.framework */; };
		E1A631EC1304548400EFF8E5 /* Foundation.framework in Frameworks */ = {isa = PBXBuildFile; fileRef = E1A631C61304548400EFF8E5 /* Foundation.framework */; };
		E1A631ED1304548400EFF8E5 /* CoreGraphics.framework in Frameworks */ = {isa = PBXBuildFile; fileRef = E1A631C81304548400EFF8E5 /* CoreGraphics.framework */; };
		E1A631F51304548500EFF8E5 /* InfoPlist.strings in Resources */ = {isa = PBXBuildFile; fileRef = E1A631F31304548500EFF8E5 /* InfoPlist.strings */; };
		E1AA4215130E5DCF00254C46 /* PPSpotifyTrack.m in Sources */ = {isa = PBXBuildFile; fileRef = E1AA4214130E5DCF00254C46 /* PPSpotifyTrack.m */; };
		E1AA4216130E5FF600254C46 /* PPSpotifyTrack.m in Sources */ = {isa = PBXBuildFile; fileRef = E1AA4214130E5DCF00254C46 /* PPSpotifyTrack.m */; };
		E1BB7150130D27F800F13FDB /* PPPlaylistRequest.m in Sources */ = {isa = PBXBuildFile; fileRef = E1BB714F130D27F800F13FDB /* PPPlaylistRequest.m */; };
		E1BBB51B130D481000524485 /* PPConnectingView.xib in Resources */ = {isa = PBXBuildFile; fileRef = E1BBB51A130D481000524485 /* PPConnectingView.xib */; };
		E1BED66A130458C900064E6A /* PPPlayingController.m in Sources */ = {isa = PBXBuildFile; fileRef = E1BED668130458C900064E6A /* PPPlayingController.m */; };
		E1BED66B130458C900064E6A /* PPPlayingController.xib in Resources */ = {isa = PBXBuildFile; fileRef = E1BED669130458C900064E6A /* PPPlayingController.xib */; };
		E1BED66F130458DD00064E6A /* PPWishlistController.m in Sources */ = {isa = PBXBuildFile; fileRef = E1BED66D130458DD00064E6A /* PPWishlistController.m */; };
		E1BED670130458DD00064E6A /* PPWishController.xib in Resources */ = {isa = PBXBuildFile; fileRef = E1BED66E130458DD00064E6A /* PPWishController.xib */; };
		E1BED674130458F100064E6A /* PPSearchController.m in Sources */ = {isa = PBXBuildFile; fileRef = E1BED672130458F100064E6A /* PPSearchController.m */; };
		E1BED675130458F100064E6A /* PPSearchController.xib in Resources */ = {isa = PBXBuildFile; fileRef = E1BED673130458F100064E6A /* PPSearchController.xib */; };
		E1BED6791304590800064E6A /* PPSettingsController.m in Sources */ = {isa = PBXBuildFile; fileRef = E1BED6771304590700064E6A /* PPSettingsController.m */; };
		E1BED67A1304590800064E6A /* PPSettingsController.xib in Resources */ = {isa = PBXBuildFile; fileRef = E1BED6781304590700064E6A /* PPSettingsController.xib */; };
		E1BED67E13045CFB00064E6A /* PPSearchURLTests.m in Sources */ = {isa = PBXBuildFile; fileRef = E1BED67D13045CFB00064E6A /* PPSearchURLTests.m */; };
		E1BED68213045D6F00064E6A /* PPSearchURL.m in Sources */ = {isa = PBXBuildFile; fileRef = E1BED68113045D6F00064E6A /* PPSearchURL.m */; };
		E1BED68313045D6F00064E6A /* PPSearchURL.m in Sources */ = {isa = PBXBuildFile; fileRef = E1BED68113045D6F00064E6A /* PPSearchURL.m */; };
		E1BED6861304628000064E6A /* PPSearchModel.m in Sources */ = {isa = PBXBuildFile; fileRef = E1BED6851304628000064E6A /* PPSearchModel.m */; };
		E1BED6A11304664D00064E6A /* CFNetwork.framework in Frameworks */ = {isa = PBXBuildFile; fileRef = E1BED6A01304664D00064E6A /* CFNetwork.framework */; };
		E1BED6A31304665900064E6A /* SystemConfiguration.framework in Frameworks */ = {isa = PBXBuildFile; fileRef = E1BED6A21304665900064E6A /* SystemConfiguration.framework */; };
		E1BED6A51304666400064E6A /* MobileCoreServices.framework in Frameworks */ = {isa = PBXBuildFile; fileRef = E1BED6A41304666300064E6A /* MobileCoreServices.framework */; };
		E1BED6A71304667200064E6A /* libz.1.2.3.dylib in Frameworks */ = {isa = PBXBuildFile; fileRef = E1BED6A61304667200064E6A /* libz.1.2.3.dylib */; };
		E1BED6BA130466AD00064E6A /* ASIAuthenticationDialog.m in Sources */ = {isa = PBXBuildFile; fileRef = E1BED6AB130466AD00064E6A /* ASIAuthenticationDialog.m */; };
		E1BED6BB130466AD00064E6A /* ASIDataCompressor.m in Sources */ = {isa = PBXBuildFile; fileRef = E1BED6AE130466AD00064E6A /* ASIDataCompressor.m */; };
		E1BED6BC130466AD00064E6A /* ASIDataDecompressor.m in Sources */ = {isa = PBXBuildFile; fileRef = E1BED6B0130466AD00064E6A /* ASIDataDecompressor.m */; };
		E1BED6BD130466AD00064E6A /* ASIHTTPRequest.m in Sources */ = {isa = PBXBuildFile; fileRef = E1BED6B2130466AD00064E6A /* ASIHTTPRequest.m */; };
		E1BED6BE130466AD00064E6A /* ASIInputStream.m in Sources */ = {isa = PBXBuildFile; fileRef = E1BED6B6130466AD00064E6A /* ASIInputStream.m */; };
		E1BED6BF130466AD00064E6A /* Reachability.m in Sources */ = {isa = PBXBuildFile; fileRef = E1BED6B9130466AD00064E6A /* Reachability.m */; };
		E1BED6C213046C5C00064E6A /* track_backstreet.json in Resources */ = {isa = PBXBuildFile; fileRef = E1BED6C113046C5C00064E6A /* track_backstreet.json */; };
		E1BED6C513046CB500064E6A /* PPSpotifyTrackJSONParser.m in Sources */ = {isa = PBXBuildFile; fileRef = E1BED6C413046CB400064E6A /* PPSpotifyTrackJSONParser.m */; };
		E1BED6C613046CB500064E6A /* PPSpotifyTrackJSONParser.m in Sources */ = {isa = PBXBuildFile; fileRef = E1BED6C413046CB400064E6A /* PPSpotifyTrackJSONParser.m */; };
		E1BED6CD13046CFB00064E6A /* PPTrackParserTests.m in Sources */ = {isa = PBXBuildFile; fileRef = E1BED6CC13046CFB00064E6A /* PPTrackParserTests.m */; };
		E1BED6E213046E3F00064E6A /* CDataScanner.m in Sources */ = {isa = PBXBuildFile; fileRef = E1BED6D013046E3F00064E6A /* CDataScanner.m */; };
		E1BED6E313046E3F00064E6A /* CDataScanner.m in Sources */ = {isa = PBXBuildFile; fileRef = E1BED6D013046E3F00064E6A /* CDataScanner.m */; };
		E1BED6E413046E3F00064E6A /* CDataScanner_Extensions.m in Sources */ = {isa = PBXBuildFile; fileRef = E1BED6D313046E3F00064E6A /* CDataScanner_Extensions.m */; };
		E1BED6E513046E3F00064E6A /* CDataScanner_Extensions.m in Sources */ = {isa = PBXBuildFile; fileRef = E1BED6D313046E3F00064E6A /* CDataScanner_Extensions.m */; };
		E1BED6E613046E3F00064E6A /* NSCharacterSet_Extensions.m in Sources */ = {isa = PBXBuildFile; fileRef = E1BED6D513046E3F00064E6A /* NSCharacterSet_Extensions.m */; };
		E1BED6E713046E3F00064E6A /* NSCharacterSet_Extensions.m in Sources */ = {isa = PBXBuildFile; fileRef = E1BED6D513046E3F00064E6A /* NSCharacterSet_Extensions.m */; };
		E1BED6E813046E3F00064E6A /* NSDictionary_JSONExtensions.m in Sources */ = {isa = PBXBuildFile; fileRef = E1BED6D713046E3F00064E6A /* NSDictionary_JSONExtensions.m */; };
		E1BED6E913046E3F00064E6A /* NSDictionary_JSONExtensions.m in Sources */ = {isa = PBXBuildFile; fileRef = E1BED6D713046E3F00064E6A /* NSDictionary_JSONExtensions.m */; };
		E1BED6EA13046E3F00064E6A /* NSScanner_Extensions.m in Sources */ = {isa = PBXBuildFile; fileRef = E1BED6D913046E3F00064E6A /* NSScanner_Extensions.m */; };
		E1BED6EB13046E3F00064E6A /* NSScanner_Extensions.m in Sources */ = {isa = PBXBuildFile; fileRef = E1BED6D913046E3F00064E6A /* NSScanner_Extensions.m */; };
		E1BED6EC13046E3F00064E6A /* CJSONDeserializer.m in Sources */ = {isa = PBXBuildFile; fileRef = E1BED6DC13046E3F00064E6A /* CJSONDeserializer.m */; };
		E1BED6ED13046E3F00064E6A /* CJSONDeserializer.m in Sources */ = {isa = PBXBuildFile; fileRef = E1BED6DC13046E3F00064E6A /* CJSONDeserializer.m */; };
		E1BED6EE13046E3F00064E6A /* CJSONScanner.m in Sources */ = {isa = PBXBuildFile; fileRef = E1BED6DE13046E3F00064E6A /* CJSONScanner.m */; };
		E1BED6EF13046E3F00064E6A /* CJSONScanner.m in Sources */ = {isa = PBXBuildFile; fileRef = E1BED6DE13046E3F00064E6A /* CJSONScanner.m */; };
		E1BED6F013046E3F00064E6A /* CJSONSerializer.m in Sources */ = {isa = PBXBuildFile; fileRef = E1BED6E013046E3F00064E6A /* CJSONSerializer.m */; };
		E1BED6F113046E3F00064E6A /* CJSONSerializer.m in Sources */ = {isa = PBXBuildFile; fileRef = E1BED6E013046E3F00064E6A /* CJSONSerializer.m */; };
		E1E03FFF130BA31A001C1806 /* PPBonjourBrowser.m in Sources */ = {isa = PBXBuildFile; fileRef = E1E03FFE130BA31A001C1806 /* PPBonjourBrowser.m */; };
		E1E04003130BAD11001C1806 /* PPAppController.m in Sources */ = {isa = PBXBuildFile; fileRef = E1E04002130BAD11001C1806 /* PPAppController.m */; };
		E1FD036913051C290085B2AA /* PPWishlistModel.m in Sources */ = {isa = PBXBuildFile; fileRef = E1FD036813051C290085B2AA /* PPWishlistModel.m */; };
/* End PBXBuildFile section */

/* Begin PBXContainerItemProxy section */
		E1A631EE1304548400EFF8E5 /* PBXContainerItemProxy */ = {
			isa = PBXContainerItemProxy;
			containerPortal = E1A631B71304548400EFF8E5 /* Project object */;
			proxyType = 1;
			remoteGlobalIDString = E1A631BF1304548400EFF8E5;
			remoteInfo = PPClient;
		};
/* End PBXContainerItemProxy section */

/* Begin PBXFileReference section */
		E115067A130E462F0024B913 /* star-selected.png */ = {isa = PBXFileReference; lastKnownFileType = image.png; path = "star-selected.png"; sourceTree = "<group>"; };
		E115067B130E462F0024B913 /* star-unselected.png */ = {isa = PBXFileReference; lastKnownFileType = image.png; path = "star-unselected.png"; sourceTree = "<group>"; };
		E11CADF0130C19A300BDEC69 /* PPChoosePlaylistController.h */ = {isa = PBXFileReference; fileEncoding = 4; lastKnownFileType = sourcecode.c.h; path = PPChoosePlaylistController.h; sourceTree = "<group>"; };
		E11CADF1130C19A400BDEC69 /* PPChoosePlaylistController.m */ = {isa = PBXFileReference; fileEncoding = 4; lastKnownFileType = sourcecode.c.objc; path = PPChoosePlaylistController.m; sourceTree = "<group>"; };
		E11CADF2130C19A500BDEC69 /* PPChoosePlaylistController.xib */ = {isa = PBXFileReference; fileEncoding = 4; lastKnownFileType = file.xib; path = PPChoosePlaylistController.xib; sourceTree = "<group>"; };
		E11CADF5130C1B4700BDEC69 /* UIViewController+PPModal.h */ = {isa = PBXFileReference; fileEncoding = 4; lastKnownFileType = sourcecode.c.h; path = "UIViewController+PPModal.h"; sourceTree = "<group>"; };
		E11CADF6130C1B4700BDEC69 /* UIViewController+PPModal.m */ = {isa = PBXFileReference; fileEncoding = 4; lastKnownFileType = sourcecode.c.objc; path = "UIViewController+PPModal.m"; sourceTree = "<group>"; };
		E12925A6130DAB8B007A1F3B /* PPTrackRequestController.h */ = {isa = PBXFileReference; fileEncoding = 4; lastKnownFileType = sourcecode.c.h; path = PPTrackRequestController.h; sourceTree = "<group>"; };
		E12925A7130DAB8C007A1F3B /* PPTrackRequestController.m */ = {isa = PBXFileReference; fileEncoding = 4; lastKnownFileType = sourcecode.c.objc; path = PPTrackRequestController.m; sourceTree = "<group>"; };
		E12925A8130DAB8E007A1F3B /* PPTrackRequestController.xib */ = {isa = PBXFileReference; fileEncoding = 4; lastKnownFileType = file.xib; path = PPTrackRequestController.xib; sourceTree = "<group>"; };
		E12925FB130DB914007A1F3B /* PPClient.xcdatamodel */ = {isa = PBXFileReference; lastKnownFileType = wrapper.xcdatamodel; path = PPClient.xcdatamodel; sourceTree = "<group>"; };
		E1292600130DBA25007A1F3B /* PPCoreDataStack.h */ = {isa = PBXFileReference; fileEncoding = 4; lastKnownFileType = sourcecode.c.h; path = PPCoreDataStack.h; sourceTree = "<group>"; };
		E1292601130DBA26007A1F3B /* PPCoreDataStack.m */ = {isa = PBXFileReference; fileEncoding = 4; lastKnownFileType = sourcecode.c.objc; path = PPCoreDataStack.m; sourceTree = "<group>"; };
		E1292604130DBB8D007A1F3B /* _Track.h */ = {isa = PBXFileReference; fileEncoding = 4; lastKnownFileType = sourcecode.c.h; path = _Track.h; sourceTree = "<group>"; };
		E1292605130DBB8D007A1F3B /* _Track.m */ = {isa = PBXFileReference; fileEncoding = 4; lastKnownFileType = sourcecode.c.objc; path = _Track.m; sourceTree = "<group>"; };
		E1292607130DBB97007A1F3B /* Track.h */ = {isa = PBXFileReference; fileEncoding = 4; lastKnownFileType = sourcecode.c.h; path = Track.h; sourceTree = "<group>"; };
		E1292608130DBB97007A1F3B /* Track.m */ = {isa = PBXFileReference; fileEncoding = 4; lastKnownFileType = sourcecode.c.objc; path = Track.m; sourceTree = "<group>"; };
		E129260A130DBBB8007A1F3B /* CoreData.framework */ = {isa = PBXFileReference; lastKnownFileType = wrapper.framework; name = CoreData.framework; path = System/Library/Frameworks/CoreData.framework; sourceTree = SDKROOT; };
		E1A631C01304548400EFF8E5 /* PPClient.app */ = {isa = PBXFileReference; explicitFileType = wrapper.application; includeInIndex = 0; path = PPClient.app; sourceTree = BUILT_PRODUCTS_DIR; };
		E1A631C41304548400EFF8E5 /* UIKit.framework */ = {isa = PBXFileReference; lastKnownFileType = wrapper.framework; name = UIKit.framework; path = System/Library/Frameworks/UIKit.framework; sourceTree = SDKROOT; };
		E1A631C61304548400EFF8E5 /* Foundation.framework */ = {isa = PBXFileReference; lastKnownFileType = wrapper.framework; name = Foundation.framework; path = System/Library/Frameworks/Foundation.framework; sourceTree = SDKROOT; };
		E1A631C81304548400EFF8E5 /* CoreGraphics.framework */ = {isa = PBXFileReference; lastKnownFileType = wrapper.framework; name = CoreGraphics.framework; path = System/Library/Frameworks/CoreGraphics.framework; sourceTree = SDKROOT; };
		E1A631CC1304548400EFF8E5 /* PPClient-Info.plist */ = {isa = PBXFileReference; lastKnownFileType = text.plist.xml; path = "PPClient-Info.plist"; sourceTree = "<group>"; };
		E1A631CE1304548400EFF8E5 /* en */ = {isa = PBXFileReference; lastKnownFileType = text.plist.strings; name = en; path = en.lproj/InfoPlist.strings; sourceTree = "<group>"; };
		E1A631D01304548400EFF8E5 /* PPClient-Prefix.pch */ = {isa = PBXFileReference; lastKnownFileType = sourcecode.c.h; path = "PPClient-Prefix.pch"; sourceTree = "<group>"; };
		E1A631D11304548400EFF8E5 /* main.m */ = {isa = PBXFileReference; lastKnownFileType = sourcecode.c.objc; path = main.m; sourceTree = "<group>"; };
		E1A631D31304548400EFF8E5 /* PPClientAppDelegate.h */ = {isa = PBXFileReference; lastKnownFileType = sourcecode.c.h; path = PPClientAppDelegate.h; sourceTree = "<group>"; };
		E1A631D41304548400EFF8E5 /* PPClientAppDelegate.m */ = {isa = PBXFileReference; lastKnownFileType = sourcecode.c.objc; path = PPClientAppDelegate.m; sourceTree = "<group>"; };
		E1A631D71304548400EFF8E5 /* en */ = {isa = PBXFileReference; lastKnownFileType = file.xib; name = en; path = en.lproj/MainWindow.xib; sourceTree = "<group>"; };
		E1A631EA1304548400EFF8E5 /* PPClientTests.octest */ = {isa = PBXFileReference; explicitFileType = wrapper.cfbundle; includeInIndex = 0; path = PPClientTests.octest; sourceTree = BUILT_PRODUCTS_DIR; };
		E1A631F21304548500EFF8E5 /* PPClientTests-Info.plist */ = {isa = PBXFileReference; lastKnownFileType = text.plist.xml; path = "PPClientTests-Info.plist"; sourceTree = "<group>"; };
		E1A631F41304548500EFF8E5 /* en */ = {isa = PBXFileReference; lastKnownFileType = text.plist.strings; name = en; path = en.lproj/InfoPlist.strings; sourceTree = "<group>"; };
		E1A631F61304548500EFF8E5 /* PPClientTests-Prefix.pch */ = {isa = PBXFileReference; lastKnownFileType = sourcecode.c.h; path = "PPClientTests-Prefix.pch"; sourceTree = "<group>"; };
		E1AA4213130E5DCF00254C46 /* PPSpotifyTrack.h */ = {isa = PBXFileReference; fileEncoding = 4; lastKnownFileType = sourcecode.c.h; path = PPSpotifyTrack.h; sourceTree = "<group>"; };
		E1AA4214130E5DCF00254C46 /* PPSpotifyTrack.m */ = {isa = PBXFileReference; fileEncoding = 4; lastKnownFileType = sourcecode.c.objc; path = PPSpotifyTrack.m; sourceTree = "<group>"; };
		E1BB714E130D27F800F13FDB /* PPPlaylistRequest.h */ = {isa = PBXFileReference; fileEncoding = 4; lastKnownFileType = sourcecode.c.h; path = PPPlaylistRequest.h; sourceTree = "<group>"; };
		E1BB714F130D27F800F13FDB /* PPPlaylistRequest.m */ = {isa = PBXFileReference; fileEncoding = 4; lastKnownFileType = sourcecode.c.objc; path = PPPlaylistRequest.m; sourceTree = "<group>"; };
		E1BBB51A130D481000524485 /* PPConnectingView.xib */ = {isa = PBXFileReference; fileEncoding = 4; lastKnownFileType = file.xib; path = PPConnectingView.xib; sourceTree = "<group>"; };
		E1BED667130458C900064E6A /* PPPlayingController.h */ = {isa = PBXFileReference; fileEncoding = 4; lastKnownFileType = sourcecode.c.h; path = PPPlayingController.h; sourceTree = "<group>"; };
		E1BED668130458C900064E6A /* PPPlayingController.m */ = {isa = PBXFileReference; fileEncoding = 4; lastKnownFileType = sourcecode.c.objc; path = PPPlayingController.m; sourceTree = "<group>"; };
		E1BED669130458C900064E6A /* PPPlayingController.xib */ = {isa = PBXFileReference; fileEncoding = 4; lastKnownFileType = file.xib; path = PPPlayingController.xib; sourceTree = "<group>"; };
		E1BED66C130458DD00064E6A /* PPWishlistController.h */ = {isa = PBXFileReference; fileEncoding = 4; lastKnownFileType = sourcecode.c.h; path = PPWishlistController.h; sourceTree = "<group>"; };
		E1BED66D130458DD00064E6A /* PPWishlistController.m */ = {isa = PBXFileReference; fileEncoding = 4; lastKnownFileType = sourcecode.c.objc; path = PPWishlistController.m; sourceTree = "<group>"; };
		E1BED66E130458DD00064E6A /* PPWishController.xib */ = {isa = PBXFileReference; fileEncoding = 4; lastKnownFileType = file.xib; path = PPWishController.xib; sourceTree = "<group>"; };
		E1BED671130458F100064E6A /* PPSearchController.h */ = {isa = PBXFileReference; fileEncoding = 4; lastKnownFileType = sourcecode.c.h; path = PPSearchController.h; sourceTree = "<group>"; };
		E1BED672130458F100064E6A /* PPSearchController.m */ = {isa = PBXFileReference; fileEncoding = 4; lastKnownFileType = sourcecode.c.objc; path = PPSearchController.m; sourceTree = "<group>"; };
		E1BED673130458F100064E6A /* PPSearchController.xib */ = {isa = PBXFileReference; fileEncoding = 4; lastKnownFileType = file.xib; path = PPSearchController.xib; sourceTree = "<group>"; };
		E1BED6761304590700064E6A /* PPSettingsController.h */ = {isa = PBXFileReference; fileEncoding = 4; lastKnownFileType = sourcecode.c.h; path = PPSettingsController.h; sourceTree = "<group>"; };
		E1BED6771304590700064E6A /* PPSettingsController.m */ = {isa = PBXFileReference; fileEncoding = 4; lastKnownFileType = sourcecode.c.objc; path = PPSettingsController.m; sourceTree = "<group>"; };
		E1BED6781304590700064E6A /* PPSettingsController.xib */ = {isa = PBXFileReference; fileEncoding = 4; lastKnownFileType = file.xib; path = PPSettingsController.xib; sourceTree = "<group>"; };
		E1BED67B13045A9800064E6A /* developmentlog.md */ = {isa = PBXFileReference; lastKnownFileType = text; path = developmentlog.md; sourceTree = "<group>"; };
		E1BED67D13045CFB00064E6A /* PPSearchURLTests.m */ = {isa = PBXFileReference; fileEncoding = 4; lastKnownFileType = sourcecode.c.objc; path = PPSearchURLTests.m; sourceTree = "<group>"; };
		E1BED68013045D6F00064E6A /* PPSearchURL.h */ = {isa = PBXFileReference; fileEncoding = 4; lastKnownFileType = sourcecode.c.h; path = PPSearchURL.h; sourceTree = "<group>"; };
		E1BED68113045D6F00064E6A /* PPSearchURL.m */ = {isa = PBXFileReference; fileEncoding = 4; lastKnownFileType = sourcecode.c.objc; path = PPSearchURL.m; sourceTree = "<group>"; };
		E1BED6841304628000064E6A /* PPSearchModel.h */ = {isa = PBXFileReference; fileEncoding = 4; lastKnownFileType = sourcecode.c.h; path = PPSearchModel.h; sourceTree = "<group>"; };
		E1BED6851304628000064E6A /* PPSearchModel.m */ = {isa = PBXFileReference; fileEncoding = 4; lastKnownFileType = sourcecode.c.objc; path = PPSearchModel.m; sourceTree = "<group>"; };
		E1BED69E1304662500064E6A /* Security.framework */ = {isa = PBXFileReference; lastKnownFileType = wrapper.framework; name = Security.framework; path = System/Library/Frameworks/Security.framework; sourceTree = SDKROOT; };
		E1BED6A01304664D00064E6A /* CFNetwork.framework */ = {isa = PBXFileReference; lastKnownFileType = wrapper.framework; name = CFNetwork.framework; path = System/Library/Frameworks/CFNetwork.framework; sourceTree = SDKROOT; };
		E1BED6A21304665900064E6A /* SystemConfiguration.framework */ = {isa = PBXFileReference; lastKnownFileType = wrapper.framework; name = SystemConfiguration.framework; path = System/Library/Frameworks/SystemConfiguration.framework; sourceTree = SDKROOT; };
		E1BED6A41304666300064E6A /* MobileCoreServices.framework */ = {isa = PBXFileReference; lastKnownFileType = wrapper.framework; name = MobileCoreServices.framework; path = System/Library/Frameworks/MobileCoreServices.framework; sourceTree = SDKROOT; };
		E1BED6A61304667200064E6A /* libz.1.2.3.dylib */ = {isa = PBXFileReference; lastKnownFileType = "compiled.mach-o.dylib"; name = libz.1.2.3.dylib; path = usr/lib/libz.1.2.3.dylib; sourceTree = SDKROOT; };
		E1BED6AA130466AD00064E6A /* ASIAuthenticationDialog.h */ = {isa = PBXFileReference; fileEncoding = 4; lastKnownFileType = sourcecode.c.h; path = ASIAuthenticationDialog.h; sourceTree = "<group>"; };
		E1BED6AB130466AD00064E6A /* ASIAuthenticationDialog.m */ = {isa = PBXFileReference; fileEncoding = 4; lastKnownFileType = sourcecode.c.objc; path = ASIAuthenticationDialog.m; sourceTree = "<group>"; };
		E1BED6AC130466AD00064E6A /* ASICacheDelegate.h */ = {isa = PBXFileReference; fileEncoding = 4; lastKnownFileType = sourcecode.c.h; path = ASICacheDelegate.h; sourceTree = "<group>"; };
		E1BED6AD130466AD00064E6A /* ASIDataCompressor.h */ = {isa = PBXFileReference; fileEncoding = 4; lastKnownFileType = sourcecode.c.h; path = ASIDataCompressor.h; sourceTree = "<group>"; };
		E1BED6AE130466AD00064E6A /* ASIDataCompressor.m */ = {isa = PBXFileReference; fileEncoding = 4; lastKnownFileType = sourcecode.c.objc; path = ASIDataCompressor.m; sourceTree = "<group>"; };
		E1BED6AF130466AD00064E6A /* ASIDataDecompressor.h */ = {isa = PBXFileReference; fileEncoding = 4; lastKnownFileType = sourcecode.c.h; path = ASIDataDecompressor.h; sourceTree = "<group>"; };
		E1BED6B0130466AD00064E6A /* ASIDataDecompressor.m */ = {isa = PBXFileReference; fileEncoding = 4; lastKnownFileType = sourcecode.c.objc; path = ASIDataDecompressor.m; sourceTree = "<group>"; };
		E1BED6B1130466AD00064E6A /* ASIHTTPRequest.h */ = {isa = PBXFileReference; fileEncoding = 4; lastKnownFileType = sourcecode.c.h; path = ASIHTTPRequest.h; sourceTree = "<group>"; };
		E1BED6B2130466AD00064E6A /* ASIHTTPRequest.m */ = {isa = PBXFileReference; fileEncoding = 4; lastKnownFileType = sourcecode.c.objc; path = ASIHTTPRequest.m; sourceTree = "<group>"; };
		E1BED6B3130466AD00064E6A /* ASIHTTPRequestConfig.h */ = {isa = PBXFileReference; fileEncoding = 4; lastKnownFileType = sourcecode.c.h; path = ASIHTTPRequestConfig.h; sourceTree = "<group>"; };
		E1BED6B4130466AD00064E6A /* ASIHTTPRequestDelegate.h */ = {isa = PBXFileReference; fileEncoding = 4; lastKnownFileType = sourcecode.c.h; path = ASIHTTPRequestDelegate.h; sourceTree = "<group>"; };
		E1BED6B5130466AD00064E6A /* ASIInputStream.h */ = {isa = PBXFileReference; fileEncoding = 4; lastKnownFileType = sourcecode.c.h; path = ASIInputStream.h; sourceTree = "<group>"; };
		E1BED6B6130466AD00064E6A /* ASIInputStream.m */ = {isa = PBXFileReference; fileEncoding = 4; lastKnownFileType = sourcecode.c.objc; path = ASIInputStream.m; sourceTree = "<group>"; };
		E1BED6B7130466AD00064E6A /* ASIProgressDelegate.h */ = {isa = PBXFileReference; fileEncoding = 4; lastKnownFileType = sourcecode.c.h; path = ASIProgressDelegate.h; sourceTree = "<group>"; };
		E1BED6B8130466AD00064E6A /* Reachability.h */ = {isa = PBXFileReference; fileEncoding = 4; lastKnownFileType = sourcecode.c.h; path = Reachability.h; sourceTree = "<group>"; };
		E1BED6B9130466AD00064E6A /* Reachability.m */ = {isa = PBXFileReference; fileEncoding = 4; lastKnownFileType = sourcecode.c.objc; path = Reachability.m; sourceTree = "<group>"; };
		E1BED6C113046C5C00064E6A /* track_backstreet.json */ = {isa = PBXFileReference; fileEncoding = 4; lastKnownFileType = text; path = track_backstreet.json; sourceTree = "<group>"; };
		E1BED6C313046CB400064E6A /* PPSpotifyTrackJSONParser.h */ = {isa = PBXFileReference; fileEncoding = 4; lastKnownFileType = sourcecode.c.h; path = PPSpotifyTrackJSONParser.h; sourceTree = "<group>"; };
		E1BED6C413046CB400064E6A /* PPSpotifyTrackJSONParser.m */ = {isa = PBXFileReference; fileEncoding = 4; lastKnownFileType = sourcecode.c.objc; path = PPSpotifyTrackJSONParser.m; sourceTree = "<group>"; };
		E1BED6CC13046CFB00064E6A /* PPTrackParserTests.m */ = {isa = PBXFileReference; fileEncoding = 4; lastKnownFileType = sourcecode.c.objc; path = PPTrackParserTests.m; sourceTree = "<group>"; };
		E1BED6CF13046E3F00064E6A /* CDataScanner.h */ = {isa = PBXFileReference; fileEncoding = 4; lastKnownFileType = sourcecode.c.h; path = CDataScanner.h; sourceTree = "<group>"; };
		E1BED6D013046E3F00064E6A /* CDataScanner.m */ = {isa = PBXFileReference; fileEncoding = 4; lastKnownFileType = sourcecode.c.objc; path = CDataScanner.m; sourceTree = "<group>"; };
		E1BED6D213046E3F00064E6A /* CDataScanner_Extensions.h */ = {isa = PBXFileReference; fileEncoding = 4; lastKnownFileType = sourcecode.c.h; path = CDataScanner_Extensions.h; sourceTree = "<group>"; };
		E1BED6D313046E3F00064E6A /* CDataScanner_Extensions.m */ = {isa = PBXFileReference; fileEncoding = 4; lastKnownFileType = sourcecode.c.objc; path = CDataScanner_Extensions.m; sourceTree = "<group>"; };
		E1BED6D413046E3F00064E6A /* NSCharacterSet_Extensions.h */ = {isa = PBXFileReference; fileEncoding = 4; lastKnownFileType = sourcecode.c.h; path = NSCharacterSet_Extensions.h; sourceTree = "<group>"; };
		E1BED6D513046E3F00064E6A /* NSCharacterSet_Extensions.m */ = {isa = PBXFileReference; fileEncoding = 4; lastKnownFileType = sourcecode.c.objc; path = NSCharacterSet_Extensions.m; sourceTree = "<group>"; };
		E1BED6D613046E3F00064E6A /* NSDictionary_JSONExtensions.h */ = {isa = PBXFileReference; fileEncoding = 4; lastKnownFileType = sourcecode.c.h; path = NSDictionary_JSONExtensions.h; sourceTree = "<group>"; };
		E1BED6D713046E3F00064E6A /* NSDictionary_JSONExtensions.m */ = {isa = PBXFileReference; fileEncoding = 4; lastKnownFileType = sourcecode.c.objc; path = NSDictionary_JSONExtensions.m; sourceTree = "<group>"; };
		E1BED6D813046E3F00064E6A /* NSScanner_Extensions.h */ = {isa = PBXFileReference; fileEncoding = 4; lastKnownFileType = sourcecode.c.h; path = NSScanner_Extensions.h; sourceTree = "<group>"; };
		E1BED6D913046E3F00064E6A /* NSScanner_Extensions.m */ = {isa = PBXFileReference; fileEncoding = 4; lastKnownFileType = sourcecode.c.objc; path = NSScanner_Extensions.m; sourceTree = "<group>"; };
		E1BED6DB13046E3F00064E6A /* CJSONDeserializer.h */ = {isa = PBXFileReference; fileEncoding = 4; lastKnownFileType = sourcecode.c.h; path = CJSONDeserializer.h; sourceTree = "<group>"; };
		E1BED6DC13046E3F00064E6A /* CJSONDeserializer.m */ = {isa = PBXFileReference; fileEncoding = 4; lastKnownFileType = sourcecode.c.objc; path = CJSONDeserializer.m; sourceTree = "<group>"; };
		E1BED6DD13046E3F00064E6A /* CJSONScanner.h */ = {isa = PBXFileReference; fileEncoding = 4; lastKnownFileType = sourcecode.c.h; path = CJSONScanner.h; sourceTree = "<group>"; };
		E1BED6DE13046E3F00064E6A /* CJSONScanner.m */ = {isa = PBXFileReference; fileEncoding = 4; lastKnownFileType = sourcecode.c.objc; path = CJSONScanner.m; sourceTree = "<group>"; };
		E1BED6DF13046E3F00064E6A /* CJSONSerializer.h */ = {isa = PBXFileReference; fileEncoding = 4; lastKnownFileType = sourcecode.c.h; path = CJSONSerializer.h; sourceTree = "<group>"; };
		E1BED6E013046E3F00064E6A /* CJSONSerializer.m */ = {isa = PBXFileReference; fileEncoding = 4; lastKnownFileType = sourcecode.c.objc; path = CJSONSerializer.m; sourceTree = "<group>"; };
		E1BED6E113046E3F00064E6A /* JSONRepresentation.h */ = {isa = PBXFileReference; fileEncoding = 4; lastKnownFileType = sourcecode.c.h; path = JSONRepresentation.h; sourceTree = "<group>"; };
		E1E03FFD130BA31A001C1806 /* PPBonjourBrowser.h */ = {isa = PBXFileReference; fileEncoding = 4; lastKnownFileType = sourcecode.c.h; path = PPBonjourBrowser.h; sourceTree = "<group>"; };
		E1E03FFE130BA31A001C1806 /* PPBonjourBrowser.m */ = {isa = PBXFileReference; fileEncoding = 4; lastKnownFileType = sourcecode.c.objc; path = PPBonjourBrowser.m; sourceTree = "<group>"; };
		E1E04001130BAD11001C1806 /* PPAppController.h */ = {isa = PBXFileReference; fileEncoding = 4; lastKnownFileType = sourcecode.c.h; path = PPAppController.h; sourceTree = "<group>"; };
		E1E04002130BAD11001C1806 /* PPAppController.m */ = {isa = PBXFileReference; fileEncoding = 4; lastKnownFileType = sourcecode.c.objc; path = PPAppController.m; sourceTree = "<group>"; };
		E1FD036713051C290085B2AA /* PPWishlistModel.h */ = {isa = PBXFileReference; fileEncoding = 4; lastKnownFileType = sourcecode.c.h; path = PPWishlistModel.h; sourceTree = "<group>"; };
		E1FD036813051C290085B2AA /* PPWishlistModel.m */ = {isa = PBXFileReference; fileEncoding = 4; lastKnownFileType = sourcecode.c.objc; path = PPWishlistModel.m; sourceTree = "<group>"; };
/* End PBXFileReference section */

/* Begin PBXFrameworksBuildPhase section */
		E1A631BD1304548400EFF8E5 /* Frameworks */ = {
			isa = PBXFrameworksBuildPhase;
			buildActionMask = 2147483647;
			files = (
				E129260B130DBBB8007A1F3B /* CoreData.framework in Frameworks */,
				E1BED6A71304667200064E6A /* libz.1.2.3.dylib in Frameworks */,
				E1BED6A51304666400064E6A /* MobileCoreServices.framework in Frameworks */,
				E1BED6A31304665900064E6A /* SystemConfiguration.framework in Frameworks */,
				E1BED6A11304664D00064E6A /* CFNetwork.framework in Frameworks */,
				E1A631C51304548400EFF8E5 /* UIKit.framework in Frameworks */,
				E1A631C71304548400EFF8E5 /* Foundation.framework in Frameworks */,
				E1A631C91304548400EFF8E5 /* CoreGraphics.framework in Frameworks */,
			);
			runOnlyForDeploymentPostprocessing = 0;
		};
		E1A631E61304548400EFF8E5 /* Frameworks */ = {
			isa = PBXFrameworksBuildPhase;
			buildActionMask = 2147483647;
			files = (
				E1A631EB1304548400EFF8E5 /* UIKit.framework in Frameworks */,
				E1A631EC1304548400EFF8E5 /* Foundation.framework in Frameworks */,
				E1A631ED1304548400EFF8E5 /* CoreGraphics.framework in Frameworks */,
			);
			runOnlyForDeploymentPostprocessing = 0;
		};
/* End PBXFrameworksBuildPhase section */

/* Begin PBXGroup section */
		E1150679130E462F0024B913 /* Images */ = {
			isa = PBXGroup;
			children = (
				E115067A130E462F0024B913 /* star-selected.png */,
				E115067B130E462F0024B913 /* star-unselected.png */,
			);
			path = Images;
			sourceTree = "<group>";
		};
		E1292603130DBA2C007A1F3B /* Core Data */ = {
			isa = PBXGroup;
			children = (
				E1292607130DBB97007A1F3B /* Track.h */,
				E1292608130DBB97007A1F3B /* Track.m */,
				E1292604130DBB8D007A1F3B /* _Track.h */,
				E1292605130DBB8D007A1F3B /* _Track.m */,
				E1292600130DBA25007A1F3B /* PPCoreDataStack.h */,
				E1292601130DBA26007A1F3B /* PPCoreDataStack.m */,
			);
			name = "Core Data";
			sourceTree = "<group>";
		};
		E1A631B51304548400EFF8E5 = {
			isa = PBXGroup;
			children = (
				E129260A130DBBB8007A1F3B /* CoreData.framework */,
				E1BED6A8130466AC00064E6A /* ExternalCode */,
				E1BED67F13045D5100064E6A /* SharedCode */,
				E1A631CA1304548400EFF8E5 /* PPClient */,
				E1A631F01304548400EFF8E5 /* PPClientTests */,
				E1A631C31304548400EFF8E5 /* Frameworks */,
				E1A631C11304548400EFF8E5 /* Products */,
			);
			sourceTree = "<group>";
		};
		E1A631C11304548400EFF8E5 /* Products */ = {
			isa = PBXGroup;
			children = (
				E1A631C01304548400EFF8E5 /* PPClient.app */,
				E1A631EA1304548400EFF8E5 /* PPClientTests.octest */,
			);
			name = Products;
			sourceTree = "<group>";
		};
		E1A631C31304548400EFF8E5 /* Frameworks */ = {
			isa = PBXGroup;
			children = (
				E1BED6A61304667200064E6A /* libz.1.2.3.dylib */,
				E1BED6A41304666300064E6A /* MobileCoreServices.framework */,
				E1BED6A21304665900064E6A /* SystemConfiguration.framework */,
				E1BED6A01304664D00064E6A /* CFNetwork.framework */,
				E1BED69E1304662500064E6A /* Security.framework */,
				E1A631C41304548400EFF8E5 /* UIKit.framework */,
				E1A631C61304548400EFF8E5 /* Foundation.framework */,
				E1A631C81304548400EFF8E5 /* CoreGraphics.framework */,
			);
			name = Frameworks;
			sourceTree = "<group>";
		};
		E1A631CA1304548400EFF8E5 /* PPClient */ = {
			isa = PBXGroup;
			children = (
				E1BED6661304584D00064E6A /* Models */,
				E1BED6651304584900064E6A /* Views */,
				E1BED6641304584400064E6A /* Controllers */,
				E1150679130E462F0024B913 /* Images */,
				E1BED6631304582700064E6A /* xibs */,
				E1A631CB1304548400EFF8E5 /* Supporting Files */,
				E1A631D31304548400EFF8E5 /* PPClientAppDelegate.h */,
				E1A631D41304548400EFF8E5 /* PPClientAppDelegate.m */,
				E1BED67B13045A9800064E6A /* developmentlog.md */,
				E12925FA130DB911007A1F3B /* PPClient.xcdatamodeld */,
			);
			path = PPClient;
			sourceTree = "<group>";
		};
		E1A631CB1304548400EFF8E5 /* Supporting Files */ = {
			isa = PBXGroup;
			children = (
				E1A631CC1304548400EFF8E5 /* PPClient-Info.plist */,
				E1A631CD1304548400EFF8E5 /* InfoPlist.strings */,
				E1A631D01304548400EFF8E5 /* PPClient-Prefix.pch */,
				E1A631D11304548400EFF8E5 /* main.m */,
			);
			name = "Supporting Files";
			sourceTree = "<group>";
		};
		E1A631F01304548400EFF8E5 /* PPClientTests */ = {
			isa = PBXGroup;
			children = (
				E1BED6CA13046CDB00064E6A /* SharedCode */,
				E1A631F11304548500EFF8E5 /* Supporting Files */,
				E1BED6C013046C5C00064E6A /* Testfiles */,
			);
			path = PPClientTests;
			sourceTree = "<group>";
		};
		E1A631F11304548500EFF8E5 /* Supporting Files */ = {
			isa = PBXGroup;
			children = (
				E1A631F21304548500EFF8E5 /* PPClientTests-Info.plist */,
				E1A631F31304548500EFF8E5 /* InfoPlist.strings */,
				E1A631F61304548500EFF8E5 /* PPClientTests-Prefix.pch */,
			);
			name = "Supporting Files";
			sourceTree = "<group>";
		};
		E1BED6631304582700064E6A /* xibs */ = {
			isa = PBXGroup;
			children = (
				E12925A8130DAB8E007A1F3B /* PPTrackRequestController.xib */,
				E1BED669130458C900064E6A /* PPPlayingController.xib */,
				E1A631D61304548400EFF8E5 /* MainWindow.xib */,
				E11CADF2130C19A500BDEC69 /* PPChoosePlaylistController.xib */,
				E1BED66E130458DD00064E6A /* PPWishController.xib */,
				E1BED673130458F100064E6A /* PPSearchController.xib */,
				E1BED6781304590700064E6A /* PPSettingsController.xib */,
				E1BBB51A130D481000524485 /* PPConnectingView.xib */,
			);
			name = xibs;
			sourceTree = "<group>";
		};
		E1BED6641304584400064E6A /* Controllers */ = {
			isa = PBXGroup;
			children = (
				E1BED667130458C900064E6A /* PPPlayingController.h */,
				E1BED668130458C900064E6A /* PPPlayingController.m */,
				E1BED66C130458DD00064E6A /* PPWishlistController.h */,
				E1BED66D130458DD00064E6A /* PPWishlistController.m */,
				E1BED671130458F100064E6A /* PPSearchController.h */,
				E1BED672130458F100064E6A /* PPSearchController.m */,
				E1BED6761304590700064E6A /* PPSettingsController.h */,
				E1BED6771304590700064E6A /* PPSettingsController.m */,
				E1E04001130BAD11001C1806 /* PPAppController.h */,
				E1E04002130BAD11001C1806 /* PPAppController.m */,
				E11CADF0130C19A300BDEC69 /* PPChoosePlaylistController.h */,
				E11CADF1130C19A400BDEC69 /* PPChoosePlaylistController.m */,
				E11CADF5130C1B4700BDEC69 /* UIViewController+PPModal.h */,
				E11CADF6130C1B4700BDEC69 /* UIViewController+PPModal.m */,
				E12925A6130DAB8B007A1F3B /* PPTrackRequestController.h */,
				E12925A7130DAB8C007A1F3B /* PPTrackRequestController.m */,
			);
			name = Controllers;
			sourceTree = "<group>";
		};
		E1BED6651304584900064E6A /* Views */ = {
			isa = PBXGroup;
			children = (
			);
			name = Views;
			sourceTree = "<group>";
		};
		E1BED6661304584D00064E6A /* Models */ = {
			isa = PBXGroup;
			children = (
				E1292603130DBA2C007A1F3B /* Core Data */,
				E1BED6841304628000064E6A /* PPSearchModel.h */,
				E1BED6851304628000064E6A /* PPSearchModel.m */,
				E1FD036713051C290085B2AA /* PPWishlistModel.h */,
				E1FD036813051C290085B2AA /* PPWishlistModel.m */,
				E1E03FFD130BA31A001C1806 /* PPBonjourBrowser.h */,
				E1E03FFE130BA31A001C1806 /* PPBonjourBrowser.m */,
				E1BB714E130D27F800F13FDB /* PPPlaylistRequest.h */,
				E1BB714F130D27F800F13FDB /* PPPlaylistRequest.m */,
			);
			name = Models;
			sourceTree = "<group>";
		};
		E1BED67F13045D5100064E6A /* SharedCode */ = {
			isa = PBXGroup;
			children = (
				E1AA4213130E5DCF00254C46 /* PPSpotifyTrack.h */,
				E1AA4214130E5DCF00254C46 /* PPSpotifyTrack.m */,
				E1BED68013045D6F00064E6A /* PPSearchURL.h */,
				E1BED68113045D6F00064E6A /* PPSearchURL.m */,
				E1BED6C313046CB400064E6A /* PPSpotifyTrackJSONParser.h */,
				E1BED6C413046CB400064E6A /* PPSpotifyTrackJSONParser.m */,
			);
			name = SharedCode;
			path = ../SharedCode;
			sourceTree = "<group>";
		};
		E1BED6A8130466AC00064E6A /* ExternalCode */ = {
			isa = PBXGroup;
			children = (
				E1BED6CE13046E3F00064E6A /* TouchJSON */,
				E1BED6A9130466AD00064E6A /* ASIHTTP */,
			);
			name = ExternalCode;
			path = ../ExternalCode;
			sourceTree = "<group>";
		};
		E1BED6A9130466AD00064E6A /* ASIHTTP */ = {
			isa = PBXGroup;
			children = (
				E1BED6AA130466AD00064E6A /* ASIAuthenticationDialog.h */,
				E1BED6AB130466AD00064E6A /* ASIAuthenticationDialog.m */,
				E1BED6AC130466AD00064E6A /* ASICacheDelegate.h */,
				E1BED6AD130466AD00064E6A /* ASIDataCompressor.h */,
				E1BED6AE130466AD00064E6A /* ASIDataCompressor.m */,
				E1BED6AF130466AD00064E6A /* ASIDataDecompressor.h */,
				E1BED6B0130466AD00064E6A /* ASIDataDecompressor.m */,
				E1BED6B1130466AD00064E6A /* ASIHTTPRequest.h */,
				E1BED6B2130466AD00064E6A /* ASIHTTPRequest.m */,
				E1BED6B3130466AD00064E6A /* ASIHTTPRequestConfig.h */,
				E1BED6B4130466AD00064E6A /* ASIHTTPRequestDelegate.h */,
				E1BED6B5130466AD00064E6A /* ASIInputStream.h */,
				E1BED6B6130466AD00064E6A /* ASIInputStream.m */,
				E1BED6B7130466AD00064E6A /* ASIProgressDelegate.h */,
				E1BED6B8130466AD00064E6A /* Reachability.h */,
				E1BED6B9130466AD00064E6A /* Reachability.m */,
			);
			path = ASIHTTP;
			sourceTree = "<group>";
		};
		E1BED6C013046C5C00064E6A /* Testfiles */ = {
			isa = PBXGroup;
			children = (
				E1BED6C113046C5C00064E6A /* track_backstreet.json */,
			);
			path = Testfiles;
			sourceTree = "<group>";
		};
		E1BED6CA13046CDB00064E6A /* SharedCode */ = {
			isa = PBXGroup;
			children = (
				E1BED67D13045CFB00064E6A /* PPSearchURLTests.m */,
				E1BED6CC13046CFB00064E6A /* PPTrackParserTests.m */,
			);
			name = SharedCode;
			sourceTree = "<group>";
		};
		E1BED6CE13046E3F00064E6A /* TouchJSON */ = {
			isa = PBXGroup;
			children = (
				E1BED6CF13046E3F00064E6A /* CDataScanner.h */,
				E1BED6D013046E3F00064E6A /* CDataScanner.m */,
				E1BED6D113046E3F00064E6A /* Extensions */,
				E1BED6DA13046E3F00064E6A /* JSON */,
			);
			path = TouchJSON;
			sourceTree = "<group>";
		};
		E1BED6D113046E3F00064E6A /* Extensions */ = {
			isa = PBXGroup;
			children = (
				E1BED6D213046E3F00064E6A /* CDataScanner_Extensions.h */,
				E1BED6D313046E3F00064E6A /* CDataScanner_Extensions.m */,
				E1BED6D413046E3F00064E6A /* NSCharacterSet_Extensions.h */,
				E1BED6D513046E3F00064E6A /* NSCharacterSet_Extensions.m */,
				E1BED6D613046E3F00064E6A /* NSDictionary_JSONExtensions.h */,
				E1BED6D713046E3F00064E6A /* NSDictionary_JSONExtensions.m */,
				E1BED6D813046E3F00064E6A /* NSScanner_Extensions.h */,
				E1BED6D913046E3F00064E6A /* NSScanner_Extensions.m */,
			);
			path = Extensions;
			sourceTree = "<group>";
		};
		E1BED6DA13046E3F00064E6A /* JSON */ = {
			isa = PBXGroup;
			children = (
				E1BED6DB13046E3F00064E6A /* CJSONDeserializer.h */,
				E1BED6DC13046E3F00064E6A /* CJSONDeserializer.m */,
				E1BED6DD13046E3F00064E6A /* CJSONScanner.h */,
				E1BED6DE13046E3F00064E6A /* CJSONScanner.m */,
				E1BED6DF13046E3F00064E6A /* CJSONSerializer.h */,
				E1BED6E013046E3F00064E6A /* CJSONSerializer.m */,
				E1BED6E113046E3F00064E6A /* JSONRepresentation.h */,
			);
			path = JSON;
			sourceTree = "<group>";
		};
/* End PBXGroup section */

/* Begin PBXNativeTarget section */
		E1A631BF1304548400EFF8E5 /* PPClient */ = {
			isa = PBXNativeTarget;
			buildConfigurationList = E1A631FD1304548500EFF8E5 /* Build configuration list for PBXNativeTarget "PPClient" */;
			buildPhases = (
				E1A631BC1304548400EFF8E5 /* Sources */,
				E1A631BD1304548400EFF8E5 /* Frameworks */,
				E1A631BE1304548400EFF8E5 /* Resources */,
			);
			buildRules = (
			);
			dependencies = (
			);
			name = PPClient;
			productName = PPClient;
			productReference = E1A631C01304548400EFF8E5 /* PPClient.app */;
			productType = "com.apple.product-type.application";
		};
		E1A631E91304548400EFF8E5 /* PPClientTests */ = {
			isa = PBXNativeTarget;
			buildConfigurationList = E1A632001304548500EFF8E5 /* Build configuration list for PBXNativeTarget "PPClientTests" */;
			buildPhases = (
				E1A631E51304548400EFF8E5 /* Sources */,
				E1A631E61304548400EFF8E5 /* Frameworks */,
				E1A631E71304548400EFF8E5 /* Resources */,
				E1A631E81304548400EFF8E5 /* ShellScript */,
			);
			buildRules = (
			);
			dependencies = (
				E1A631EF1304548400EFF8E5 /* PBXTargetDependency */,
			);
			name = PPClientTests;
			productName = PPClientTests;
			productReference = E1A631EA1304548400EFF8E5 /* PPClientTests.octest */;
			productType = "com.apple.product-type.bundle";
		};
/* End PBXNativeTarget section */

/* Begin PBXProject section */
		E1A631B71304548400EFF8E5 /* Project object */ = {
			isa = PBXProject;
			attributes = {
				ORGANIZATIONNAME = "rhoglund coding";
			};
			buildConfigurationList = E1A631BA1304548400EFF8E5 /* Build configuration list for PBXProject "PPClient" */;
			compatibilityVersion = "Xcode 3.2";
			developmentRegion = English;
			hasScannedForEncodings = 0;
			knownRegions = (
				en,
			);
			mainGroup = E1A631B51304548400EFF8E5;
			productRefGroup = E1A631C11304548400EFF8E5 /* Products */;
			projectDirPath = "";
			projectRoot = "";
			targets = (
				E1A631BF1304548400EFF8E5 /* PPClient */,
				E1A631E91304548400EFF8E5 /* PPClientTests */,
			);
		};
/* End PBXProject section */

/* Begin PBXResourcesBuildPhase section */
		E1A631BE1304548400EFF8E5 /* Resources */ = {
			isa = PBXResourcesBuildPhase;
			buildActionMask = 2147483647;
			files = (
				E1A631CF1304548400EFF8E5 /* InfoPlist.strings in Resources */,
				E1A631D81304548400EFF8E5 /* MainWindow.xib in Resources */,
				E1BED66B130458C900064E6A /* PPPlayingController.xib in Resources */,
				E1BED670130458DD00064E6A /* PPWishController.xib in Resources */,
				E1BED675130458F100064E6A /* PPSearchController.xib in Resources */,
				E1BED67A1304590800064E6A /* PPSettingsController.xib in Resources */,
				E11CADF4130C19A600BDEC69 /* PPChoosePlaylistController.xib in Resources */,
				E1BBB51B130D481000524485 /* PPConnectingView.xib in Resources */,
				E12925AA130DAB91007A1F3B /* PPTrackRequestController.xib in Resources */,
				E115067C130E462F0024B913 /* star-selected.png in Resources */,
				E115067D130E462F0024B913 /* star-unselected.png in Resources */,
			);
			runOnlyForDeploymentPostprocessing = 0;
		};
		E1A631E71304548400EFF8E5 /* Resources */ = {
			isa = PBXResourcesBuildPhase;
			buildActionMask = 2147483647;
			files = (
				E1A631F51304548500EFF8E5 /* InfoPlist.strings in Resources */,
				E1BED6C213046C5C00064E6A /* track_backstreet.json in Resources */,
			);
			runOnlyForDeploymentPostprocessing = 0;
		};
/* End PBXResourcesBuildPhase section */

/* Begin PBXShellScriptBuildPhase section */
		E1A631E81304548400EFF8E5 /* ShellScript */ = {
			isa = PBXShellScriptBuildPhase;
			buildActionMask = 2147483647;
			files = (
			);
			inputPaths = (
			);
			outputPaths = (
			);
			runOnlyForDeploymentPostprocessing = 0;
			shellPath = /bin/sh;
			shellScript = "# Run the unit tests in this test bundle.\n\"${SYSTEM_DEVELOPER_DIR}/Tools/RunUnitTests\"\n";
		};
/* End PBXShellScriptBuildPhase section */

/* Begin PBXSourcesBuildPhase section */
		E1A631BC1304548400EFF8E5 /* Sources */ = {
			isa = PBXSourcesBuildPhase;
			buildActionMask = 2147483647;
			files = (
				E1A631D21304548400EFF8E5 /* main.m in Sources */,
				E1A631D51304548400EFF8E5 /* PPClientAppDelegate.m in Sources */,
				E1BED66A130458C900064E6A /* PPPlayingController.m in Sources */,
				E1BED66F130458DD00064E6A /* PPWishlistController.m in Sources */,
				E1BED674130458F100064E6A /* PPSearchController.m in Sources */,
				E1BED6791304590800064E6A /* PPSettingsController.m in Sources */,
				E1BED68213045D6F00064E6A /* PPSearchURL.m in Sources */,
				E1BED6861304628000064E6A /* PPSearchModel.m in Sources */,
				E1BED6BA130466AD00064E6A /* ASIAuthenticationDialog.m in Sources */,
				E1BED6BB130466AD00064E6A /* ASIDataCompressor.m in Sources */,
				E1BED6BC130466AD00064E6A /* ASIDataDecompressor.m in Sources */,
				E1BED6BD130466AD00064E6A /* ASIHTTPRequest.m in Sources */,
				E1BED6BE130466AD00064E6A /* ASIInputStream.m in Sources */,
				E1BED6BF130466AD00064E6A /* Reachability.m in Sources */,
				E1BED6C513046CB500064E6A /* PPSpotifyTrackJSONParser.m in Sources */,
				E1BED6E213046E3F00064E6A /* CDataScanner.m in Sources */,
				E1BED6E413046E3F00064E6A /* CDataScanner_Extensions.m in Sources */,
				E1BED6E613046E3F00064E6A /* NSCharacterSet_Extensions.m in Sources */,
				E1BED6E813046E3F00064E6A /* NSDictionary_JSONExtensions.m in Sources */,
				E1BED6EA13046E3F00064E6A /* NSScanner_Extensions.m in Sources */,
				E1BED6EC13046E3F00064E6A /* CJSONDeserializer.m in Sources */,
				E1BED6EE13046E3F00064E6A /* CJSONScanner.m in Sources */,
				E1BED6F013046E3F00064E6A /* CJSONSerializer.m in Sources */,
				E1FD036913051C290085B2AA /* PPWishlistModel.m in Sources */,
				E1E03FFF130BA31A001C1806 /* PPBonjourBrowser.m in Sources */,
				E1E04003130BAD11001C1806 /* PPAppController.m in Sources */,
				E11CADF3130C19A600BDEC69 /* PPChoosePlaylistController.m in Sources */,
				E11CADF7130C1B4900BDEC69 /* UIViewController+PPModal.m in Sources */,
				E1BB7150130D27F800F13FDB /* PPPlaylistRequest.m in Sources */,
				E12925A9130DAB91007A1F3B /* PPTrackRequestController.m in Sources */,
				E12925FC130DB914007A1F3B /* PPClient.xcdatamodeld in Sources */,
				E1292602130DBA27007A1F3B /* PPCoreDataStack.m in Sources */,
				E1292606130DBB8D007A1F3B /* _Track.m in Sources */,
				E1292609130DBB97007A1F3B /* Track.m in Sources */,
				E1AA4215130E5DCF00254C46 /* PPSpotifyTrack.m in Sources */,
			);
			runOnlyForDeploymentPostprocessing = 0;
		};
		E1A631E51304548400EFF8E5 /* Sources */ = {
			isa = PBXSourcesBuildPhase;
			buildActionMask = 2147483647;
			files = (
				E1AA4216130E5FF600254C46 /* PPSpotifyTrack.m in Sources */,
				E1BED67E13045CFB00064E6A /* PPSearchURLTests.m in Sources */,
				E1BED68313045D6F00064E6A /* PPSearchURL.m in Sources */,
				E1BED6C613046CB500064E6A /* PPSpotifyTrackJSONParser.m in Sources */,
				E1BED6CD13046CFB00064E6A /* PPTrackParserTests.m in Sources */,
				E1BED6E313046E3F00064E6A /* CDataScanner.m in Sources */,
				E1BED6E513046E3F00064E6A /* CDataScanner_Extensions.m in Sources */,
				E1BED6E713046E3F00064E6A /* NSCharacterSet_Extensions.m in Sources */,
				E1BED6E913046E3F00064E6A /* NSDictionary_JSONExtensions.m in Sources */,
				E1BED6EB13046E3F00064E6A /* NSScanner_Extensions.m in Sources */,
				E1BED6ED13046E3F00064E6A /* CJSONDeserializer.m in Sources */,
				E1BED6EF13046E3F00064E6A /* CJSONScanner.m in Sources */,
				E1BED6F113046E3F00064E6A /* CJSONSerializer.m in Sources */,
			);
			runOnlyForDeploymentPostprocessing = 0;
		};
/* End PBXSourcesBuildPhase section */

/* Begin PBXTargetDependency section */
		E1A631EF1304548400EFF8E5 /* PBXTargetDependency */ = {
			isa = PBXTargetDependency;
			target = E1A631BF1304548400EFF8E5 /* PPClient */;
			targetProxy = E1A631EE1304548400EFF8E5 /* PBXContainerItemProxy */;
		};
/* End PBXTargetDependency section */

/* Begin PBXVariantGroup section */
		E1A631CD1304548400EFF8E5 /* InfoPlist.strings */ = {
			isa = PBXVariantGroup;
			children = (
				E1A631CE1304548400EFF8E5 /* en */,
			);
			name = InfoPlist.strings;
			sourceTree = "<group>";
		};
		E1A631D61304548400EFF8E5 /* MainWindow.xib */ = {
			isa = PBXVariantGroup;
			children = (
				E1A631D71304548400EFF8E5 /* en */,
			);
			name = MainWindow.xib;
			sourceTree = "<group>";
		};
		E1A631F31304548500EFF8E5 /* InfoPlist.strings */ = {
			isa = PBXVariantGroup;
			children = (
				E1A631F41304548500EFF8E5 /* en */,
			);
			name = InfoPlist.strings;
			sourceTree = "<group>";
		};
/* End PBXVariantGroup section */

/* Begin XCBuildConfiguration section */
		E1A631FB1304548500EFF8E5 /* Debug */ = {
			isa = XCBuildConfiguration;
			buildSettings = {
				ARCHS = "$(ARCHS_STANDARD_32_BIT)";
				"CODE_SIGN_IDENTITY[sdk=iphoneos*]" = "iPhone Developer";
				GCC_C_LANGUAGE_STANDARD = gnu99;
				GCC_OPTIMIZATION_LEVEL = 0;
				GCC_PREPROCESSOR_DEFINITIONS = DEBUG;
				GCC_VERSION = com.apple.compilers.llvmgcc42;
				GCC_WARN_ABOUT_RETURN_TYPE = YES;
				GCC_WARN_UNUSED_VARIABLE = YES;
				IPHONEOS_DEPLOYMENT_TARGET = 4.2;
				SDKROOT = iphoneos;
			};
			name = Debug;
		};
		E1A631FC1304548500EFF8E5 /* Release */ = {
			isa = XCBuildConfiguration;
			buildSettings = {
				ARCHS = "$(ARCHS_STANDARD_32_BIT)";
				"CODE_SIGN_IDENTITY[sdk=iphoneos*]" = "iPhone Developer";
				GCC_C_LANGUAGE_STANDARD = gnu99;
				GCC_VERSION = com.apple.compilers.llvmgcc42;
				GCC_WARN_ABOUT_RETURN_TYPE = YES;
				GCC_WARN_UNUSED_VARIABLE = YES;
				IPHONEOS_DEPLOYMENT_TARGET = 4.2;
				OTHER_CFLAGS = "-DNS_BLOCK_ASSERTIONS=1";
				SDKROOT = iphoneos;
			};
			name = Release;
		};
		E1A631FE1304548500EFF8E5 /* Debug */ = {
			isa = XCBuildConfiguration;
			buildSettings = {
				ALWAYS_SEARCH_USER_PATHS = NO;
				COPY_PHASE_STRIP = NO;
				GCC_DYNAMIC_NO_PIC = NO;
				GCC_PRECOMPILE_PREFIX_HEADER = YES;
				GCC_PREFIX_HEADER = "PPClient/PPClient-Prefix.pch";
				INFOPLIST_FILE = "PPClient/PPClient-Info.plist";
				INSTALL_PATH = "$(LOCAL_APPS_DIR)";
				PRODUCT_NAME = "$(TARGET_NAME)";
				WRAPPER_EXTENSION = app;
			};
			name = Debug;
		};
		E1A631FF1304548500EFF8E5 /* Release */ = {
			isa = XCBuildConfiguration;
			buildSettings = {
				ALWAYS_SEARCH_USER_PATHS = NO;
				COPY_PHASE_STRIP = YES;
				GCC_PRECOMPILE_PREFIX_HEADER = YES;
				GCC_PREFIX_HEADER = "PPClient/PPClient-Prefix.pch";
				INFOPLIST_FILE = "PPClient/PPClient-Info.plist";
				INSTALL_PATH = "$(LOCAL_APPS_DIR)";
				PRODUCT_NAME = "$(TARGET_NAME)";
				VALIDATE_PRODUCT = YES;
				WRAPPER_EXTENSION = app;
			};
			name = Release;
		};
		E1A632011304548500EFF8E5 /* Debug */ = {
			isa = XCBuildConfiguration;
			buildSettings = {
				ALWAYS_SEARCH_USER_PATHS = NO;
				BUNDLE_LOADER = "$(BUILT_PRODUCTS_DIR)/PPClient.app/PPClient";
				FRAMEWORK_SEARCH_PATHS = (
					"$(SDKROOT)/Developer/Library/Frameworks",
					"$(DEVELOPER_LIBRARY_DIR)/Frameworks",
				);
				GCC_PRECOMPILE_PREFIX_HEADER = YES;
				GCC_PREFIX_HEADER = "PPClientTests/PPClientTests-Prefix.pch";
				INFOPLIST_FILE = "PPClientTests/PPClientTests-Info.plist";
				OTHER_LDFLAGS = (
					"-framework",
					SenTestingKit,
				);
				PRODUCT_NAME = "$(TARGET_NAME)";
				TEST_HOST = "$(BUNDLE_LOADER)";
				WRAPPER_EXTENSION = octest;
			};
			name = Debug;
		};
		E1A632021304548500EFF8E5 /* Release */ = {
			isa = XCBuildConfiguration;
			buildSettings = {
				ALWAYS_SEARCH_USER_PATHS = NO;
				BUNDLE_LOADER = "$(BUILT_PRODUCTS_DIR)/PPClient.app/PPClient";
				FRAMEWORK_SEARCH_PATHS = (
					"$(SDKROOT)/Developer/Library/Frameworks",
					"$(DEVELOPER_LIBRARY_DIR)/Frameworks",
				);
				GCC_PRECOMPILE_PREFIX_HEADER = YES;
				GCC_PREFIX_HEADER = "PPClientTests/PPClientTests-Prefix.pch";
				INFOPLIST_FILE = "PPClientTests/PPClientTests-Info.plist";
				OTHER_LDFLAGS = (
					"-framework",
					SenTestingKit,
				);
				PRODUCT_NAME = "$(TARGET_NAME)";
				TEST_HOST = "$(BUNDLE_LOADER)";
				WRAPPER_EXTENSION = octest;
			};
			name = Release;
		};
/* End XCBuildConfiguration section */

/* Begin XCConfigurationList section */
		E1A631BA1304548400EFF8E5 /* Build configuration list for PBXProject "PPClient" */ = {
			isa = XCConfigurationList;
			buildConfigurations = (
				E1A631FB1304548500EFF8E5 /* Debug */,
				E1A631FC1304548500EFF8E5 /* Release */,
			);
			defaultConfigurationIsVisible = 0;
			defaultConfigurationName = Release;
		};
		E1A631FD1304548500EFF8E5 /* Build configuration list for PBXNativeTarget "PPClient" */ = {
			isa = XCConfigurationList;
			buildConfigurations = (
				E1A631FE1304548500EFF8E5 /* Debug */,
				E1A631FF1304548500EFF8E5 /* Release */,
			);
			defaultConfigurationIsVisible = 0;
			defaultConfigurationName = Release;
		};
		E1A632001304548500EFF8E5 /* Build configuration list for PBXNativeTarget "PPClientTests" */ = {
			isa = XCConfigurationList;
			buildConfigurations = (
				E1A632011304548500EFF8E5 /* Debug */,
				E1A632021304548500EFF8E5 /* Release */,
			);
			defaultConfigurationIsVisible = 0;
			defaultConfigurationName = Release;
		};
/* End XCConfigurationList section */

/* Begin XCVersionGroup section */
		E12925FA130DB911007A1F3B /* PPClient.xcdatamodeld */ = {
			isa = XCVersionGroup;
			children = (
				E12925FB130DB914007A1F3B /* PPClient.xcdatamodel */,
			);
			currentVersion = E12925FB130DB914007A1F3B /* PPClient.xcdatamodel */;
			path = PPClient.xcdatamodeld;
			sourceTree = "<group>";
			versionGroupType = wrapper.xcdatamodel;
		};
/* End XCVersionGroup section */
	};
	rootObject = E1A631B71304548400EFF8E5 /* Project object */;
}
